// !$*UTF8*$!
{
	archiveVersion = 1;
	classes = {
	};
	objectVersion = 48;
	objects = {

/* Begin PBXBuildFile section */
		323DB57AC412DD788A0DD866 /* Pods_QualusApp.framework in Frameworks */ = {isa = PBXBuildFile; fileRef = E0D3FBC11B102FEC20A8B75C /* Pods_QualusApp.framework */; };
		580366F12108AA190041B3A4 /* ticketMonitorDataModel.swift in Sources */ = {isa = PBXBuildFile; fileRef = 580366F02108AA190041B3A4 /* ticketMonitorDataModel.swift */; };
		58048DA72101A7DD0076474D /* Constant.swift in Sources */ = {isa = PBXBuildFile; fileRef = 58048DA62101A7DD0076474D /* Constant.swift */; };
		58048DA92101ACE90076474D /* gradient.swift in Sources */ = {isa = PBXBuildFile; fileRef = 58048DA82101ACE90076474D /* gradient.swift */; };
		58048DB8210364650076474D /* ImageCollectionViewCell.swift in Sources */ = {isa = PBXBuildFile; fileRef = 58048DB6210364650076474D /* ImageCollectionViewCell.swift */; };
		58048DB9210364650076474D /* ImageCollectionViewCell.xib in Resources */ = {isa = PBXBuildFile; fileRef = 58048DB7210364650076474D /* ImageCollectionViewCell.xib */; };
		580510D02243E8B0001ECB62 /* imagesCollectionViewCell.swift in Sources */ = {isa = PBXBuildFile; fileRef = 580510CF2243E8B0001ECB62 /* imagesCollectionViewCell.swift */; };
		58064D8C2112EC8D0083A726 /* FilledChecklistData.swift in Sources */ = {isa = PBXBuildFile; fileRef = 58064D8B2112EC8D0083A726 /* FilledChecklistData.swift */; };
		580B00B92109C90C00E587F5 /* checkListDataModel.swift in Sources */ = {isa = PBXBuildFile; fileRef = 580B00B82109C90C00E587F5 /* checkListDataModel.swift */; };
		580C12952244DF4C007F8E7B /* ScanAfterChecklistVc.swift in Sources */ = {isa = PBXBuildFile; fileRef = 580C12942244DF4C007F8E7B /* ScanAfterChecklistVc.swift */; };
		580C12972244E356007F8E7B /* Alert.swift in Sources */ = {isa = PBXBuildFile; fileRef = 580C12962244E356007F8E7B /* Alert.swift */; };
		5817B63A224CA4A30049E280 /* AcceptPendingMavTick_onClick.swift in Sources */ = {isa = PBXBuildFile; fileRef = 5817B638224CA4A30049E280 /* AcceptPendingMavTick_onClick.swift */; };
		5817B63B224CA4A30049E280 /* AcceptPendingMavTick_onClick.xib in Resources */ = {isa = PBXBuildFile; fileRef = 5817B639224CA4A30049E280 /* AcceptPendingMavTick_onClick.xib */; };
		5817B63D224CAB670049E280 /* SupervisorPendingMavTicketsVc.swift in Sources */ = {isa = PBXBuildFile; fileRef = 5817B63C224CAB670049E280 /* SupervisorPendingMavTicketsVc.swift */; };
		5817B63F224CF0200049E280 /* ProactiveTicketsVc.swift in Sources */ = {isa = PBXBuildFile; fileRef = 5817B63E224CF0200049E280 /* ProactiveTicketsVc.swift */; };
		582308B9223A39F900BDE05C /* AppStoryboard.swift in Sources */ = {isa = PBXBuildFile; fileRef = 582308B8223A39F900BDE05C /* AppStoryboard.swift */; };
		582308BB223A3A3700BDE05C /* SuperAdmin.storyboard in Resources */ = {isa = PBXBuildFile; fileRef = 582308BA223A3A3700BDE05C /* SuperAdmin.storyboard */; };
		582308BE223A427400BDE05C /* SuperAdminHomePageVc.swift in Sources */ = {isa = PBXBuildFile; fileRef = 582308BD223A427400BDE05C /* SuperAdminHomePageVc.swift */; };
		582308C2223A58B000BDE05C /* TodayAuditorCell.swift in Sources */ = {isa = PBXBuildFile; fileRef = 582308C1223A58B000BDE05C /* TodayAuditorCell.swift */; };
		582308C4223A58D500BDE05C /* TodaySupervisorCell.swift in Sources */ = {isa = PBXBuildFile; fileRef = 582308C3223A58D500BDE05C /* TodaySupervisorCell.swift */; };
		582308C6223A716600BDE05C /* AdminMaverickTicketsVc.swift in Sources */ = {isa = PBXBuildFile; fileRef = 582308C5223A716600BDE05C /* AdminMaverickTicketsVc.swift */; };
		582308C8223A95FF00BDE05C /* AdminChecklistsVc.swift in Sources */ = {isa = PBXBuildFile; fileRef = 582308C7223A95FF00BDE05C /* AdminChecklistsVc.swift */; };
		5832DE5120FF57D700483655 /* SubmittedChecklistVc.swift in Sources */ = {isa = PBXBuildFile; fileRef = 5832DE4620FF57D700483655 /* SubmittedChecklistVc.swift */; };
		5832DE5220FF57D700483655 /* BarCodeVc.swift in Sources */ = {isa = PBXBuildFile; fileRef = 5832DE4720FF57D700483655 /* BarCodeVc.swift */; };
		5832DE5320FF57D700483655 /* GenarateMaverickTicketVc.swift in Sources */ = {isa = PBXBuildFile; fileRef = 5832DE4820FF57D700483655 /* GenarateMaverickTicketVc.swift */; };
		5832DE5420FF57D700483655 /* CheckListByLocationVc.swift in Sources */ = {isa = PBXBuildFile; fileRef = 5832DE4920FF57D700483655 /* CheckListByLocationVc.swift */; };
		5832DE5520FF57D700483655 /* ProjectInfoVc.swift in Sources */ = {isa = PBXBuildFile; fileRef = 5832DE4A20FF57D700483655 /* ProjectInfoVc.swift */; };
		5832DE5620FF57D700483655 /* SplashScreenVc.swift in Sources */ = {isa = PBXBuildFile; fileRef = 5832DE4B20FF57D700483655 /* SplashScreenVc.swift */; };
		5832DE5720FF57D700483655 /* SelectProjectForTicketVc.swift in Sources */ = {isa = PBXBuildFile; fileRef = 5832DE4C20FF57D700483655 /* SelectProjectForTicketVc.swift */; };
		5832DE5820FF57D700483655 /* SubmitChecklistResponseVc.swift in Sources */ = {isa = PBXBuildFile; fileRef = 5832DE4D20FF57D700483655 /* SubmitChecklistResponseVc.swift */; };
		5832DE5920FF57D700483655 /* MaverickTicketViewVc.swift in Sources */ = {isa = PBXBuildFile; fileRef = 5832DE4E20FF57D700483655 /* MaverickTicketViewVc.swift */; };
		5832DE5A20FF57D700483655 /* ChecklistQuestionsVc.swift in Sources */ = {isa = PBXBuildFile; fileRef = 5832DE4F20FF57D700483655 /* ChecklistQuestionsVc.swift */; };
		5832DE5B20FF57D700483655 /* ShowImgFullScreenVc.swift in Sources */ = {isa = PBXBuildFile; fileRef = 5832DE5020FF57D700483655 /* ShowImgFullScreenVc.swift */; };
		5832DE5E20FF585000483655 /* ManagemnetDataModel.swift in Sources */ = {isa = PBXBuildFile; fileRef = 5832DE5D20FF585000483655 /* ManagemnetDataModel.swift */; };
		583356972248FA78004C8E3F /* MKCollectionViewCell.swift in Sources */ = {isa = PBXBuildFile; fileRef = 583356862248FA78004C8E3F /* MKCollectionViewCell.swift */; };
		583356992248FA78004C8E3F /* MKCardView.swift in Sources */ = {isa = PBXBuildFile; fileRef = 583356882248FA78004C8E3F /* MKCardView.swift */; };
		5833569A2248FA78004C8E3F /* MKSwitch.swift in Sources */ = {isa = PBXBuildFile; fileRef = 583356892248FA78004C8E3F /* MKSwitch.swift */; };
		5833569B2248FA78004C8E3F /* MKTableViewCell.swift in Sources */ = {isa = PBXBuildFile; fileRef = 5833568A2248FA78004C8E3F /* MKTableViewCell.swift */; };
		5833569C2248FA78004C8E3F /* MKNavigationBar.swift in Sources */ = {isa = PBXBuildFile; fileRef = 5833568B2248FA78004C8E3F /* MKNavigationBar.swift */; };
		5833569D2248FA78004C8E3F /* MKTextField.swift in Sources */ = {isa = PBXBuildFile; fileRef = 5833568C2248FA78004C8E3F /* MKTextField.swift */; };
		5833569E2248FA78004C8E3F /* MKSnackbar.swift in Sources */ = {isa = PBXBuildFile; fileRef = 5833568D2248FA78004C8E3F /* MKSnackbar.swift */; };
		583356A02248FA78004C8E3F /* MKRefreshControl.swift in Sources */ = {isa = PBXBuildFile; fileRef = 5833568F2248FA78004C8E3F /* MKRefreshControl.swift */; };
		583356A12248FA78004C8E3F /* MKImageView.swift in Sources */ = {isa = PBXBuildFile; fileRef = 583356902248FA78004C8E3F /* MKImageView.swift */; };
		583356A22248FA78004C8E3F /* MKLabel.swift in Sources */ = {isa = PBXBuildFile; fileRef = 583356912248FA78004C8E3F /* MKLabel.swift */; };
		583356A32248FA78004C8E3F /* MKButton.swift in Sources */ = {isa = PBXBuildFile; fileRef = 583356922248FA78004C8E3F /* MKButton.swift */; };
		583356A52248FA78004C8E3F /* MKLayer.swift in Sources */ = {isa = PBXBuildFile; fileRef = 583356942248FA78004C8E3F /* MKLayer.swift */; };
		583356A62248FA78004C8E3F /* MKColor.swift in Sources */ = {isa = PBXBuildFile; fileRef = 583356952248FA78004C8E3F /* MKColor.swift */; };
		5863BF32224DF642005FEB45 /* ScanForCloseProTicVc.swift in Sources */ = {isa = PBXBuildFile; fileRef = 5863BF31224DF642005FEB45 /* ScanForCloseProTicVc.swift */; };
		5876CF8E2240F50800F47701 /* SuperVisor.storyboard in Resources */ = {isa = PBXBuildFile; fileRef = 5876CF8D2240F50800F47701 /* SuperVisor.storyboard */; };
		5876CF902240FAE400F47701 /* SuperVisorProjectListVc.swift in Sources */ = {isa = PBXBuildFile; fileRef = 5876CF8F2240FAE400F47701 /* SuperVisorProjectListVc.swift */; };
		58A2331E20FE14E6000A1C21 /* UIView.swift in Sources */ = {isa = PBXBuildFile; fileRef = 58A2331620FE14E6000A1C21 /* UIView.swift */; };
		58A2331F20FE14E6000A1C21 /* UIColor+Customcolor.swift in Sources */ = {isa = PBXBuildFile; fileRef = 58A2331720FE14E6000A1C21 /* UIColor+Customcolor.swift */; };
		58A2332020FE14E6000A1C21 /* UICollectionView.swift in Sources */ = {isa = PBXBuildFile; fileRef = 58A2331820FE14E6000A1C21 /* UICollectionView.swift */; };
		58A2332120FE14E6000A1C21 /* UITableView.swift in Sources */ = {isa = PBXBuildFile; fileRef = 58A2331920FE14E6000A1C21 /* UITableView.swift */; };
		58A2332220FE14E6000A1C21 /* ErrorMsgs.swift in Sources */ = {isa = PBXBuildFile; fileRef = 58A2331A20FE14E6000A1C21 /* ErrorMsgs.swift */; };
		58A2332320FE14E6000A1C21 /* String.swift in Sources */ = {isa = PBXBuildFile; fileRef = 58A2331B20FE14E6000A1C21 /* String.swift */; };
		58A2332420FE14E7000A1C21 /* UIViewController.swift in Sources */ = {isa = PBXBuildFile; fileRef = 58A2331C20FE14E6000A1C21 /* UIViewController.swift */; };
		58A2332520FE14E7000A1C21 /* UIView+Shadow.swift in Sources */ = {isa = PBXBuildFile; fileRef = 58A2331D20FE14E6000A1C21 /* UIView+Shadow.swift */; };
		58C29F69215B769E005D183B /* ReachabilityCheck.swift in Sources */ = {isa = PBXBuildFile; fileRef = 58C29F68215B769E005D183B /* ReachabilityCheck.swift */; };
		58C380F9224B9F3B00DAD228 /* EmployeeHomePageVc.swift in Sources */ = {isa = PBXBuildFile; fileRef = 58C380F8224B9F3B00DAD228 /* EmployeeHomePageVc.swift */; };
		58C992602204695B00E56C5A /* KLCPopup.m in Sources */ = {isa = PBXBuildFile; fileRef = 58C9925F2204695A00E56C5A /* KLCPopup.m */; };
		58CB629922365A8000CF9E4A /* Cardview.swift in Sources */ = {isa = PBXBuildFile; fileRef = 58CB629822365A8000CF9E4A /* Cardview.swift */; };
		58CB629B2236767B00CF9E4A /* MaverickTicketImageCell.swift in Sources */ = {isa = PBXBuildFile; fileRef = 58CB629A2236767B00CF9E4A /* MaverickTicketImageCell.swift */; };
		58CB629D2236819000CF9E4A /* OpenImageVC.swift in Sources */ = {isa = PBXBuildFile; fileRef = 58CB629C2236819000CF9E4A /* OpenImageVC.swift */; };
		58CBE64A225209AA00F12FE6 /* TechnicianHomePageVc.swift in Sources */ = {isa = PBXBuildFile; fileRef = 58CBE649225209AA00F12FE6 /* TechnicianHomePageVc.swift */; };
		58CBE64C2252175C00F12FE6 /* TechnianProactiveTicketVc.swift in Sources */ = {isa = PBXBuildFile; fileRef = 58CBE64B2252175C00F12FE6 /* TechnianProactiveTicketVc.swift */; };
		58CBE64E2252464600F12FE6 /* GoogleService-Info.plist in Resources */ = {isa = PBXBuildFile; fileRef = 58CBE64D2252464600F12FE6 /* GoogleService-Info.plist */; };
		58D23CC6223CDF8A0048D9FD /* Reachability.swift in Sources */ = {isa = PBXBuildFile; fileRef = 58D23CC5223CDF8A0048D9FD /* Reachability.swift */; };
		58D23CCD223CF4850048D9FD /* ToastWindow.swift in Sources */ = {isa = PBXBuildFile; fileRef = 58D23CC8223CF4850048D9FD /* ToastWindow.swift */; };
		58D23CCE223CF4850048D9FD /* UIView+Toast.swift in Sources */ = {isa = PBXBuildFile; fileRef = 58D23CC9223CF4850048D9FD /* UIView+Toast.swift */; };
		58D23CCF223CF4850048D9FD /* ToastContainerVC.swift in Sources */ = {isa = PBXBuildFile; fileRef = 58D23CCA223CF4850048D9FD /* ToastContainerVC.swift */; };
		58D23CD0223CF4850048D9FD /* EasyToastConfiguration.swift in Sources */ = {isa = PBXBuildFile; fileRef = 58D23CCB223CF4850048D9FD /* EasyToastConfiguration.swift */; };
		58D23CD1223CF4850048D9FD /* QueueToast.swift in Sources */ = {isa = PBXBuildFile; fileRef = 58D23CCC223CF4850048D9FD /* QueueToast.swift */; };
		58D23CD3223D052B0048D9FD /* TodaysFilledChecklistVc.swift in Sources */ = {isa = PBXBuildFile; fileRef = 58D23CD2223D052B0048D9FD /* TodaysFilledChecklistVc.swift */; };
		58D2F9CA223ECAE7003D71BA /* DetailMaverickTickVc.swift in Sources */ = {isa = PBXBuildFile; fileRef = 58D2F9C9223ECAE6003D71BA /* DetailMaverickTickVc.swift */; };
		58D71F75210743AE008CEE10 /* TicketImagesCVC.swift in Sources */ = {isa = PBXBuildFile; fileRef = 58D71F73210743AE008CEE10 /* TicketImagesCVC.swift */; };
		58D71F76210743AE008CEE10 /* TicketImagesCVC.xib in Resources */ = {isa = PBXBuildFile; fileRef = 58D71F74210743AE008CEE10 /* TicketImagesCVC.xib */; };
		58D8B86B2237B61500E5481B /* Utilities.swift in Sources */ = {isa = PBXBuildFile; fileRef = 58D8B86A2237B61500E5481B /* Utilities.swift */; };
		58E8FC1B223FCD33000E8B58 /* AdminDetailMaverickTickVc.swift in Sources */ = {isa = PBXBuildFile; fileRef = 58E8FC1A223FCD33000E8B58 /* AdminDetailMaverickTickVc.swift */; };
		58EB5137224252E100022F80 /* ShowImagesCollectionViewCell.swift in Sources */ = {isa = PBXBuildFile; fileRef = 58EB5136224252E100022F80 /* ShowImagesCollectionViewCell.swift */; };
		58EB5139224252E900022F80 /* ShowImagesCollectionViewCell.xib in Resources */ = {isa = PBXBuildFile; fileRef = 58EB5138224252E900022F80 /* ShowImagesCollectionViewCell.xib */; };
		58EB513B2242770300022F80 /* AddimagesViewController.swift in Sources */ = {isa = PBXBuildFile; fileRef = 58EB513A2242770300022F80 /* AddimagesViewController.swift */; };
		58EC547D224B57B400A9BD01 /* AdminMaverickTicketCell.swift in Sources */ = {isa = PBXBuildFile; fileRef = 58EC547B224B57B400A9BD01 /* AdminMaverickTicketCell.swift */; };
		58EC547E224B57B400A9BD01 /* AdminMaverickTicketCell.xib in Resources */ = {isa = PBXBuildFile; fileRef = 58EC547C224B57B400A9BD01 /* AdminMaverickTicketCell.xib */; };
		58F09926223278F9008FBBD4 /* GradientView.swift in Sources */ = {isa = PBXBuildFile; fileRef = 58F09925223278F8008FBBD4 /* GradientView.swift */; };
		58F099282232A695008FBBD4 /* PendingMaverickTickets.swift in Sources */ = {isa = PBXBuildFile; fileRef = 58F099272232A695008FBBD4 /* PendingMaverickTickets.swift */; };
		58F0992B2232A6DF008FBBD4 /* PendingMaverickTicketCell.swift in Sources */ = {isa = PBXBuildFile; fileRef = 58F099292232A6DF008FBBD4 /* PendingMaverickTicketCell.swift */; };
		58F0992C2232A6DF008FBBD4 /* PendingMaverickTicketCell.xib in Resources */ = {isa = PBXBuildFile; fileRef = 58F0992A2232A6DF008FBBD4 /* PendingMaverickTicketCell.xib */; };
		CE01FE8521196DA400BEBB8B /* ImageCell.swift in Sources */ = {isa = PBXBuildFile; fileRef = CE01FE8421196DA400BEBB8B /* ImageCell.swift */; };
		CE01FE872119BFCE00BEBB8B /* ClassificationData.swift in Sources */ = {isa = PBXBuildFile; fileRef = CE01FE862119BFCE00BEBB8B /* ClassificationData.swift */; };
		CE0C51A820B2D86500B12027 /* UserListVc.swift in Sources */ = {isa = PBXBuildFile; fileRef = CE0C51A720B2D86500B12027 /* UserListVc.swift */; };
		CE0CECA3211AC627002E93B2 /* SubmitChecklistData.swift in Sources */ = {isa = PBXBuildFile; fileRef = CE0CECA2211AC627002E93B2 /* SubmitChecklistData.swift */; };
		CE0F65F720AD452E00B8F026 /* AppDelegate.swift in Sources */ = {isa = PBXBuildFile; fileRef = CE0F65F620AD452E00B8F026 /* AppDelegate.swift */; };
		CE0F65FC20AD452E00B8F026 /* Main.storyboard in Resources */ = {isa = PBXBuildFile; fileRef = CE0F65FA20AD452E00B8F026 /* Main.storyboard */; };
		CE0F65FF20AD452E00B8F026 /* QualusApp.xcdatamodeld in Sources */ = {isa = PBXBuildFile; fileRef = CE0F65FD20AD452E00B8F026 /* QualusApp.xcdatamodeld */; };
		CE0F660120AD452E00B8F026 /* Assets.xcassets in Resources */ = {isa = PBXBuildFile; fileRef = CE0F660020AD452E00B8F026 /* Assets.xcassets */; };
		CE0F660420AD452E00B8F026 /* LaunchScreen.storyboard in Resources */ = {isa = PBXBuildFile; fileRef = CE0F660220AD452E00B8F026 /* LaunchScreen.storyboard */; };
		CE0F660C20AD48F200B8F026 /* LoginPageVc.swift in Sources */ = {isa = PBXBuildFile; fileRef = CE0F660B20AD48F200B8F026 /* LoginPageVc.swift */; };
		CE0F661220AD4B4C00B8F026 /* JYToast.swift in Sources */ = {isa = PBXBuildFile; fileRef = CE0F661120AD4B4C00B8F026 /* JYToast.swift */; };
		CE0F661D20AD51C800B8F026 /* AbbrevationVc.swift in Sources */ = {isa = PBXBuildFile; fileRef = CE0F661C20AD51C800B8F026 /* AbbrevationVc.swift */; };
		CE12B14F213037410062F87C /* ChecklistRespImageInputCell.swift in Sources */ = {isa = PBXBuildFile; fileRef = CE12B14D213037410062F87C /* ChecklistRespImageInputCell.swift */; };
		CE12B150213037410062F87C /* ChecklistRespImageInputCell.xib in Resources */ = {isa = PBXBuildFile; fileRef = CE12B14E213037410062F87C /* ChecklistRespImageInputCell.xib */; };
		CE13040F20B8182800E7E61E /* UserDataList.swift in Sources */ = {isa = PBXBuildFile; fileRef = CE13040E20B8182800E7E61E /* UserDataList.swift */; };
		CE2149D320C1812D00D47754 /* SubmitedChecklistCell.swift in Sources */ = {isa = PBXBuildFile; fileRef = CE2149D120C1812D00D47754 /* SubmitedChecklistCell.swift */; };
		CE2149D420C1812D00D47754 /* SubmitedChecklistCell.xib in Resources */ = {isa = PBXBuildFile; fileRef = CE2149D220C1812D00D47754 /* SubmitedChecklistCell.xib */; };
		CE234ECA20B6844D00502D20 /* TicketImageVc.swift in Sources */ = {isa = PBXBuildFile; fileRef = CE234EC920B6844D00502D20 /* TicketImageVc.swift */; };
		CE234ECC20B6868B00502D20 /* TicketImaheCell.swift in Sources */ = {isa = PBXBuildFile; fileRef = CE234ECB20B6868B00502D20 /* TicketImaheCell.swift */; };
		CE288A5220BFEDF800D2856E /* imageUpload.swift in Sources */ = {isa = PBXBuildFile; fileRef = CE288A5120BFEDF800D2856E /* imageUpload.swift */; };
		CE2A852920B3F02300EC5FA0 /* UserProfileVc.swift in Sources */ = {isa = PBXBuildFile; fileRef = CE2A852820B3F02300EC5FA0 /* UserProfileVc.swift */; };
		CE51B9CE2121630200500224 /* ChecklistQueForBarcodeVC.swift in Sources */ = {isa = PBXBuildFile; fileRef = CE51B9CD2121630200500224 /* ChecklistQueForBarcodeVC.swift */; };
		CE51B9D1212167B100500224 /* QueTypeOneBarcodeCell.swift in Sources */ = {isa = PBXBuildFile; fileRef = CE51B9CF212167B100500224 /* QueTypeOneBarcodeCell.swift */; };
		CE51B9D2212167B100500224 /* QueTypeOneBarcodeCell.xib in Resources */ = {isa = PBXBuildFile; fileRef = CE51B9D0212167B100500224 /* QueTypeOneBarcodeCell.xib */; };
		CE51B9D5212167D000500224 /* QueTypeTwoBarcodeCell.swift in Sources */ = {isa = PBXBuildFile; fileRef = CE51B9D3212167D000500224 /* QueTypeTwoBarcodeCell.swift */; };
		CE51B9D6212167D000500224 /* QueTypeTwoBarcodeCell.xib in Resources */ = {isa = PBXBuildFile; fileRef = CE51B9D4212167D000500224 /* QueTypeTwoBarcodeCell.xib */; };
		CE5C36BA20BC01EB002518BB /* ChecklistQuetionCell.swift in Sources */ = {isa = PBXBuildFile; fileRef = CE5C36B820BC01EB002518BB /* ChecklistQuetionCell.swift */; };
		CE5C36BB20BC01EB002518BB /* ChecklistQuetionCell.xib in Resources */ = {isa = PBXBuildFile; fileRef = CE5C36B920BC01EB002518BB /* ChecklistQuetionCell.xib */; };
		CE5C36BD20BC1FAC002518BB /* ProjectsVc.swift in Sources */ = {isa = PBXBuildFile; fileRef = CE5C36BC20BC1FAC002518BB /* ProjectsVc.swift */; };
		CE5C36C220BC2EFF002518BB /* barcodeNumberCell.swift in Sources */ = {isa = PBXBuildFile; fileRef = CE5C36C120BC2EFF002518BB /* barcodeNumberCell.swift */; };
		CE5DC17620C29FFA0014D0FC /* ChecklistResponceCell.swift in Sources */ = {isa = PBXBuildFile; fileRef = CE5DC17420C29FFA0014D0FC /* ChecklistResponceCell.swift */; };
		CE5DC17720C29FFA0014D0FC /* ChecklistResponceCell.xib in Resources */ = {isa = PBXBuildFile; fileRef = CE5DC17520C29FFA0014D0FC /* ChecklistResponceCell.xib */; };
		CE5DC17A20C2A3450014D0FC /* ChecklistRespImageCell.swift in Sources */ = {isa = PBXBuildFile; fileRef = CE5DC17820C2A3450014D0FC /* ChecklistRespImageCell.swift */; };
		CE5DC17B20C2A3450014D0FC /* ChecklistRespImageCell.xib in Resources */ = {isa = PBXBuildFile; fileRef = CE5DC17920C2A3450014D0FC /* ChecklistRespImageCell.xib */; };
		CE62698A21254C5700C38FCE /* ImgeUploadForChecklist.swift in Sources */ = {isa = PBXBuildFile; fileRef = CE62698921254C5700C38FCE /* ImgeUploadForChecklist.swift */; };
		CE82520620AD5516000C8586 /* TPKeyboardAvoidingCollectionView.m in Sources */ = {isa = PBXBuildFile; fileRef = CE8251FF20AD5516000C8586 /* TPKeyboardAvoidingCollectionView.m */; };
		CE82520720AD5516000C8586 /* TPKeyboardAvoidingScrollView.m in Sources */ = {isa = PBXBuildFile; fileRef = CE82520120AD5516000C8586 /* TPKeyboardAvoidingScrollView.m */; };
		CE82520820AD5516000C8586 /* TPKeyboardAvoidingTableView.m in Sources */ = {isa = PBXBuildFile; fileRef = CE82520320AD5516000C8586 /* TPKeyboardAvoidingTableView.m */; };
		CE82520920AD5516000C8586 /* UIScrollView+TPKeyboardAvoidingAdditions.m in Sources */ = {isa = PBXBuildFile; fileRef = CE82520520AD5516000C8586 /* UIScrollView+TPKeyboardAvoidingAdditions.m */; };
		CE82523120AD9E78000C8586 /* ProjectInfoCell.swift in Sources */ = {isa = PBXBuildFile; fileRef = CE82523020AD9E78000C8586 /* ProjectInfoCell.swift */; };
		CE82523520ADAD70000C8586 /* AllLocationVc.swift in Sources */ = {isa = PBXBuildFile; fileRef = CE82523420ADAD70000C8586 /* AllLocationVc.swift */; };
		CE82523820ADB5E6000C8586 /* LocationCell.swift in Sources */ = {isa = PBXBuildFile; fileRef = CE82523620ADB5E6000C8586 /* LocationCell.swift */; };
		CE82523920ADB5E6000C8586 /* LocationCell.xib in Resources */ = {isa = PBXBuildFile; fileRef = CE82523720ADB5E6000C8586 /* LocationCell.xib */; };
		CE8644C52114599700E47E42 /* MapLocations.swift in Sources */ = {isa = PBXBuildFile; fileRef = CE8644C42114599700E47E42 /* MapLocations.swift */; };
		CE8644CA21147D1300E47E42 /* DLRadioButton.m in Sources */ = {isa = PBXBuildFile; fileRef = CE8644C821147D1300E47E42 /* DLRadioButton.m */; };
		CE8B4EC6213EAEDE006B2B0D /* CSRViewController.swift in Sources */ = {isa = PBXBuildFile; fileRef = CE8B4EC1213EAEDE006B2B0D /* CSRViewController.swift */; };
		CE8B4EC7213EAEDE006B2B0D /* FeedbackViewController.swift in Sources */ = {isa = PBXBuildFile; fileRef = CE8B4EC2213EAEDE006B2B0D /* FeedbackViewController.swift */; };
		CE8B4EC8213EAEDE006B2B0D /* FeedbackViewController.xib in Resources */ = {isa = PBXBuildFile; fileRef = CE8B4EC3213EAEDE006B2B0D /* FeedbackViewController.xib */; };
		CE8B4EC9213EAEDE006B2B0D /* locationsCollectionViewCell.swift in Sources */ = {isa = PBXBuildFile; fileRef = CE8B4EC4213EAEDE006B2B0D /* locationsCollectionViewCell.swift */; };
		CE8B4ECA213EAEDE006B2B0D /* locationsCollectionViewCell.xib in Resources */ = {isa = PBXBuildFile; fileRef = CE8B4EC5213EAEDE006B2B0D /* locationsCollectionViewCell.xib */; };
		CE8B4ECC213EB055006B2B0D /* feedbackdataModel.swift in Sources */ = {isa = PBXBuildFile; fileRef = CE8B4ECB213EB055006B2B0D /* feedbackdataModel.swift */; };
		CE8F816521186E89006E1B1E /* ChecklistQTypeCell.swift in Sources */ = {isa = PBXBuildFile; fileRef = CE8F816321186E89006E1B1E /* ChecklistQTypeCell.swift */; };
		CE8F816621186E89006E1B1E /* ChecklistQTypeCell.xib in Resources */ = {isa = PBXBuildFile; fileRef = CE8F816421186E89006E1B1E /* ChecklistQTypeCell.xib */; };
		CED78C1520B5966D00A62817 /* ProjectNameCell.swift in Sources */ = {isa = PBXBuildFile; fileRef = CED78C1320B5966D00A62817 /* ProjectNameCell.swift */; };
		CED78C1620B5966D00A62817 /* ProjectNameCell.xib in Resources */ = {isa = PBXBuildFile; fileRef = CED78C1420B5966D00A62817 /* ProjectNameCell.xib */; };
		CEEE895820B433F700E75A72 /* MaverickTicketCell.swift in Sources */ = {isa = PBXBuildFile; fileRef = CEEE895620B433F700E75A72 /* MaverickTicketCell.swift */; };
		CEEE895920B433F700E75A72 /* MaverickTicketCell.xib in Resources */ = {isa = PBXBuildFile; fileRef = CEEE895720B433F700E75A72 /* MaverickTicketCell.xib */; };
		CEEF5EE120B73FF000E5FA22 /* LocationData.swift in Sources */ = {isa = PBXBuildFile; fileRef = CEEF5EE020B73FF000E5FA22 /* LocationData.swift */; };
		CEF1934420B92C48001567ED /* ScannerVc.swift in Sources */ = {isa = PBXBuildFile; fileRef = CEF1934320B92C48001567ED /* ScannerVc.swift */; };
		CEF1934620B92F3F001567ED /* Utility.swift in Sources */ = {isa = PBXBuildFile; fileRef = CEF1934520B92F3F001567ED /* Utility.swift */; };
/* End PBXBuildFile section */

/* Begin PBXFileReference section */
		580366F02108AA190041B3A4 /* ticketMonitorDataModel.swift */ = {isa = PBXFileReference; lastKnownFileType = sourcecode.swift; path = ticketMonitorDataModel.swift; sourceTree = "<group>"; };
		58048DA62101A7DD0076474D /* Constant.swift */ = {isa = PBXFileReference; lastKnownFileType = sourcecode.swift; path = Constant.swift; sourceTree = "<group>"; };
		58048DA82101ACE90076474D /* gradient.swift */ = {isa = PBXFileReference; fileEncoding = 4; lastKnownFileType = sourcecode.swift; path = gradient.swift; sourceTree = "<group>"; };
		58048DB6210364650076474D /* ImageCollectionViewCell.swift */ = {isa = PBXFileReference; lastKnownFileType = sourcecode.swift; path = ImageCollectionViewCell.swift; sourceTree = "<group>"; };
		58048DB7210364650076474D /* ImageCollectionViewCell.xib */ = {isa = PBXFileReference; lastKnownFileType = file.xib; path = ImageCollectionViewCell.xib; sourceTree = "<group>"; };
		580510CF2243E8B0001ECB62 /* imagesCollectionViewCell.swift */ = {isa = PBXFileReference; fileEncoding = 4; lastKnownFileType = sourcecode.swift; path = imagesCollectionViewCell.swift; sourceTree = "<group>"; };
		58064D8B2112EC8D0083A726 /* FilledChecklistData.swift */ = {isa = PBXFileReference; lastKnownFileType = sourcecode.swift; path = FilledChecklistData.swift; sourceTree = "<group>"; };
		58091AA72105E0B300401FB7 /* Bridge_Header.h */ = {isa = PBXFileReference; lastKnownFileType = sourcecode.c.h; path = Bridge_Header.h; sourceTree = "<group>"; };
		580B00B82109C90C00E587F5 /* checkListDataModel.swift */ = {isa = PBXFileReference; lastKnownFileType = sourcecode.swift; path = checkListDataModel.swift; sourceTree = "<group>"; };
		580C12942244DF4C007F8E7B /* ScanAfterChecklistVc.swift */ = {isa = PBXFileReference; lastKnownFileType = sourcecode.swift; path = ScanAfterChecklistVc.swift; sourceTree = "<group>"; };
		580C12962244E356007F8E7B /* Alert.swift */ = {isa = PBXFileReference; fileEncoding = 4; lastKnownFileType = sourcecode.swift; path = Alert.swift; sourceTree = "<group>"; };
		5817B638224CA4A30049E280 /* AcceptPendingMavTick_onClick.swift */ = {isa = PBXFileReference; lastKnownFileType = sourcecode.swift; path = AcceptPendingMavTick_onClick.swift; sourceTree = "<group>"; };
		5817B639224CA4A30049E280 /* AcceptPendingMavTick_onClick.xib */ = {isa = PBXFileReference; lastKnownFileType = file.xib; path = AcceptPendingMavTick_onClick.xib; sourceTree = "<group>"; };
		5817B63C224CAB670049E280 /* SupervisorPendingMavTicketsVc.swift */ = {isa = PBXFileReference; lastKnownFileType = sourcecode.swift; path = SupervisorPendingMavTicketsVc.swift; sourceTree = "<group>"; };
		5817B63E224CF0200049E280 /* ProactiveTicketsVc.swift */ = {isa = PBXFileReference; lastKnownFileType = sourcecode.swift; path = ProactiveTicketsVc.swift; sourceTree = "<group>"; };
		582308B8223A39F900BDE05C /* AppStoryboard.swift */ = {isa = PBXFileReference; fileEncoding = 4; lastKnownFileType = sourcecode.swift; path = AppStoryboard.swift; sourceTree = "<group>"; };
		582308BA223A3A3700BDE05C /* SuperAdmin.storyboard */ = {isa = PBXFileReference; lastKnownFileType = file.storyboard; path = SuperAdmin.storyboard; sourceTree = "<group>"; };
		582308BD223A427400BDE05C /* SuperAdminHomePageVc.swift */ = {isa = PBXFileReference; lastKnownFileType = sourcecode.swift; path = SuperAdminHomePageVc.swift; sourceTree = "<group>"; };
		582308C1223A58B000BDE05C /* TodayAuditorCell.swift */ = {isa = PBXFileReference; lastKnownFileType = sourcecode.swift; path = TodayAuditorCell.swift; sourceTree = "<group>"; };
		582308C3223A58D500BDE05C /* TodaySupervisorCell.swift */ = {isa = PBXFileReference; lastKnownFileType = sourcecode.swift; path = TodaySupervisorCell.swift; sourceTree = "<group>"; };
		582308C5223A716600BDE05C /* AdminMaverickTicketsVc.swift */ = {isa = PBXFileReference; lastKnownFileType = sourcecode.swift; path = AdminMaverickTicketsVc.swift; sourceTree = "<group>"; };
		582308C7223A95FF00BDE05C /* AdminChecklistsVc.swift */ = {isa = PBXFileReference; lastKnownFileType = sourcecode.swift; path = AdminChecklistsVc.swift; sourceTree = "<group>"; };
		5832DE4620FF57D700483655 /* SubmittedChecklistVc.swift */ = {isa = PBXFileReference; fileEncoding = 4; lastKnownFileType = sourcecode.swift; path = SubmittedChecklistVc.swift; sourceTree = "<group>"; };
		5832DE4720FF57D700483655 /* BarCodeVc.swift */ = {isa = PBXFileReference; fileEncoding = 4; lastKnownFileType = sourcecode.swift; path = BarCodeVc.swift; sourceTree = "<group>"; };
		5832DE4820FF57D700483655 /* GenarateMaverickTicketVc.swift */ = {isa = PBXFileReference; fileEncoding = 4; lastKnownFileType = sourcecode.swift; path = GenarateMaverickTicketVc.swift; sourceTree = "<group>"; };
		5832DE4920FF57D700483655 /* CheckListByLocationVc.swift */ = {isa = PBXFileReference; fileEncoding = 4; lastKnownFileType = sourcecode.swift; path = CheckListByLocationVc.swift; sourceTree = "<group>"; };
		5832DE4A20FF57D700483655 /* ProjectInfoVc.swift */ = {isa = PBXFileReference; fileEncoding = 4; lastKnownFileType = sourcecode.swift; path = ProjectInfoVc.swift; sourceTree = "<group>"; };
		5832DE4B20FF57D700483655 /* SplashScreenVc.swift */ = {isa = PBXFileReference; fileEncoding = 4; lastKnownFileType = sourcecode.swift; path = SplashScreenVc.swift; sourceTree = "<group>"; };
		5832DE4C20FF57D700483655 /* SelectProjectForTicketVc.swift */ = {isa = PBXFileReference; fileEncoding = 4; lastKnownFileType = sourcecode.swift; path = SelectProjectForTicketVc.swift; sourceTree = "<group>"; };
		5832DE4D20FF57D700483655 /* SubmitChecklistResponseVc.swift */ = {isa = PBXFileReference; fileEncoding = 4; lastKnownFileType = sourcecode.swift; path = SubmitChecklistResponseVc.swift; sourceTree = "<group>"; };
		5832DE4E20FF57D700483655 /* MaverickTicketViewVc.swift */ = {isa = PBXFileReference; fileEncoding = 4; lastKnownFileType = sourcecode.swift; path = MaverickTicketViewVc.swift; sourceTree = "<group>"; };
		5832DE4F20FF57D700483655 /* ChecklistQuestionsVc.swift */ = {isa = PBXFileReference; fileEncoding = 4; lastKnownFileType = sourcecode.swift; path = ChecklistQuestionsVc.swift; sourceTree = "<group>"; };
		5832DE5020FF57D700483655 /* ShowImgFullScreenVc.swift */ = {isa = PBXFileReference; fileEncoding = 4; lastKnownFileType = sourcecode.swift; path = ShowImgFullScreenVc.swift; sourceTree = "<group>"; };
		5832DE5D20FF585000483655 /* ManagemnetDataModel.swift */ = {isa = PBXFileReference; lastKnownFileType = sourcecode.swift; path = ManagemnetDataModel.swift; sourceTree = "<group>"; };
		583356862248FA78004C8E3F /* MKCollectionViewCell.swift */ = {isa = PBXFileReference; fileEncoding = 4; lastKnownFileType = sourcecode.swift; path = MKCollectionViewCell.swift; sourceTree = "<group>"; };
		583356882248FA78004C8E3F /* MKCardView.swift */ = {isa = PBXFileReference; fileEncoding = 4; lastKnownFileType = sourcecode.swift; path = MKCardView.swift; sourceTree = "<group>"; };
		583356892248FA78004C8E3F /* MKSwitch.swift */ = {isa = PBXFileReference; fileEncoding = 4; lastKnownFileType = sourcecode.swift; path = MKSwitch.swift; sourceTree = "<group>"; };
		5833568A2248FA78004C8E3F /* MKTableViewCell.swift */ = {isa = PBXFileReference; fileEncoding = 4; lastKnownFileType = sourcecode.swift; path = MKTableViewCell.swift; sourceTree = "<group>"; };
		5833568B2248FA78004C8E3F /* MKNavigationBar.swift */ = {isa = PBXFileReference; fileEncoding = 4; lastKnownFileType = sourcecode.swift; path = MKNavigationBar.swift; sourceTree = "<group>"; };
		5833568C2248FA78004C8E3F /* MKTextField.swift */ = {isa = PBXFileReference; fileEncoding = 4; lastKnownFileType = sourcecode.swift; path = MKTextField.swift; sourceTree = "<group>"; };
		5833568D2248FA78004C8E3F /* MKSnackbar.swift */ = {isa = PBXFileReference; fileEncoding = 4; lastKnownFileType = sourcecode.swift; path = MKSnackbar.swift; sourceTree = "<group>"; };
		5833568F2248FA78004C8E3F /* MKRefreshControl.swift */ = {isa = PBXFileReference; fileEncoding = 4; lastKnownFileType = sourcecode.swift; path = MKRefreshControl.swift; sourceTree = "<group>"; };
		583356902248FA78004C8E3F /* MKImageView.swift */ = {isa = PBXFileReference; fileEncoding = 4; lastKnownFileType = sourcecode.swift; path = MKImageView.swift; sourceTree = "<group>"; };
		583356912248FA78004C8E3F /* MKLabel.swift */ = {isa = PBXFileReference; fileEncoding = 4; lastKnownFileType = sourcecode.swift; path = MKLabel.swift; sourceTree = "<group>"; };
		583356922248FA78004C8E3F /* MKButton.swift */ = {isa = PBXFileReference; fileEncoding = 4; lastKnownFileType = sourcecode.swift; path = MKButton.swift; sourceTree = "<group>"; };
		583356942248FA78004C8E3F /* MKLayer.swift */ = {isa = PBXFileReference; fileEncoding = 4; lastKnownFileType = sourcecode.swift; path = MKLayer.swift; sourceTree = "<group>"; };
		583356952248FA78004C8E3F /* MKColor.swift */ = {isa = PBXFileReference; fileEncoding = 4; lastKnownFileType = sourcecode.swift; path = MKColor.swift; sourceTree = "<group>"; };
		5863BF31224DF642005FEB45 /* ScanForCloseProTicVc.swift */ = {isa = PBXFileReference; lastKnownFileType = sourcecode.swift; path = ScanForCloseProTicVc.swift; sourceTree = "<group>"; };
		5876CF8D2240F50800F47701 /* SuperVisor.storyboard */ = {isa = PBXFileReference; lastKnownFileType = file.storyboard; path = SuperVisor.storyboard; sourceTree = "<group>"; };
		5876CF8F2240FAE400F47701 /* SuperVisorProjectListVc.swift */ = {isa = PBXFileReference; lastKnownFileType = sourcecode.swift; path = SuperVisorProjectListVc.swift; sourceTree = "<group>"; };
		58A2331620FE14E6000A1C21 /* UIView.swift */ = {isa = PBXFileReference; fileEncoding = 4; lastKnownFileType = sourcecode.swift; path = UIView.swift; sourceTree = "<group>"; };
		58A2331720FE14E6000A1C21 /* UIColor+Customcolor.swift */ = {isa = PBXFileReference; fileEncoding = 4; lastKnownFileType = sourcecode.swift; path = "UIColor+Customcolor.swift"; sourceTree = "<group>"; };
		58A2331820FE14E6000A1C21 /* UICollectionView.swift */ = {isa = PBXFileReference; fileEncoding = 4; lastKnownFileType = sourcecode.swift; path = UICollectionView.swift; sourceTree = "<group>"; };
		58A2331920FE14E6000A1C21 /* UITableView.swift */ = {isa = PBXFileReference; fileEncoding = 4; lastKnownFileType = sourcecode.swift; path = UITableView.swift; sourceTree = "<group>"; };
		58A2331A20FE14E6000A1C21 /* ErrorMsgs.swift */ = {isa = PBXFileReference; fileEncoding = 4; lastKnownFileType = sourcecode.swift; path = ErrorMsgs.swift; sourceTree = "<group>"; };
		58A2331B20FE14E6000A1C21 /* String.swift */ = {isa = PBXFileReference; fileEncoding = 4; lastKnownFileType = sourcecode.swift; path = String.swift; sourceTree = "<group>"; };
		58A2331C20FE14E6000A1C21 /* UIViewController.swift */ = {isa = PBXFileReference; fileEncoding = 4; lastKnownFileType = sourcecode.swift; path = UIViewController.swift; sourceTree = "<group>"; };
		58A2331D20FE14E6000A1C21 /* UIView+Shadow.swift */ = {isa = PBXFileReference; fileEncoding = 4; lastKnownFileType = sourcecode.swift; path = "UIView+Shadow.swift"; sourceTree = "<group>"; };
		58C29F68215B769E005D183B /* ReachabilityCheck.swift */ = {isa = PBXFileReference; fileEncoding = 4; lastKnownFileType = sourcecode.swift; path = ReachabilityCheck.swift; sourceTree = "<group>"; };
		58C380F8224B9F3B00DAD228 /* EmployeeHomePageVc.swift */ = {isa = PBXFileReference; lastKnownFileType = sourcecode.swift; path = EmployeeHomePageVc.swift; sourceTree = "<group>"; };
		58C9925E2204695A00E56C5A /* KLCPopup.h */ = {isa = PBXFileReference; fileEncoding = 4; lastKnownFileType = sourcecode.c.h; path = KLCPopup.h; sourceTree = "<group>"; };
		58C9925F2204695A00E56C5A /* KLCPopup.m */ = {isa = PBXFileReference; fileEncoding = 4; lastKnownFileType = sourcecode.c.objc; path = KLCPopup.m; sourceTree = "<group>"; };
		58CB629822365A8000CF9E4A /* Cardview.swift */ = {isa = PBXFileReference; fileEncoding = 4; lastKnownFileType = sourcecode.swift; path = Cardview.swift; sourceTree = "<group>"; };
		58CB629A2236767B00CF9E4A /* MaverickTicketImageCell.swift */ = {isa = PBXFileReference; lastKnownFileType = sourcecode.swift; path = MaverickTicketImageCell.swift; sourceTree = "<group>"; };
		58CB629C2236819000CF9E4A /* OpenImageVC.swift */ = {isa = PBXFileReference; lastKnownFileType = sourcecode.swift; path = OpenImageVC.swift; sourceTree = "<group>"; };
		58CBE649225209AA00F12FE6 /* TechnicianHomePageVc.swift */ = {isa = PBXFileReference; lastKnownFileType = sourcecode.swift; path = TechnicianHomePageVc.swift; sourceTree = "<group>"; };
		58CBE64B2252175C00F12FE6 /* TechnianProactiveTicketVc.swift */ = {isa = PBXFileReference; lastKnownFileType = sourcecode.swift; path = TechnianProactiveTicketVc.swift; sourceTree = "<group>"; };
		58CBE64D2252464600F12FE6 /* GoogleService-Info.plist */ = {isa = PBXFileReference; fileEncoding = 4; lastKnownFileType = text.plist.xml; path = "GoogleService-Info.plist"; sourceTree = "<group>"; };
		58D23CC5223CDF8A0048D9FD /* Reachability.swift */ = {isa = PBXFileReference; fileEncoding = 4; lastKnownFileType = sourcecode.swift; path = Reachability.swift; sourceTree = "<group>"; };
		58D23CC8223CF4850048D9FD /* ToastWindow.swift */ = {isa = PBXFileReference; fileEncoding = 4; lastKnownFileType = sourcecode.swift; path = ToastWindow.swift; sourceTree = "<group>"; };
		58D23CC9223CF4850048D9FD /* UIView+Toast.swift */ = {isa = PBXFileReference; fileEncoding = 4; lastKnownFileType = sourcecode.swift; path = "UIView+Toast.swift"; sourceTree = "<group>"; };
		58D23CCA223CF4850048D9FD /* ToastContainerVC.swift */ = {isa = PBXFileReference; fileEncoding = 4; lastKnownFileType = sourcecode.swift; path = ToastContainerVC.swift; sourceTree = "<group>"; };
		58D23CCB223CF4850048D9FD /* EasyToastConfiguration.swift */ = {isa = PBXFileReference; fileEncoding = 4; lastKnownFileType = sourcecode.swift; path = EasyToastConfiguration.swift; sourceTree = "<group>"; };
		58D23CCC223CF4850048D9FD /* QueueToast.swift */ = {isa = PBXFileReference; fileEncoding = 4; lastKnownFileType = sourcecode.swift; path = QueueToast.swift; sourceTree = "<group>"; };
		58D23CD2223D052B0048D9FD /* TodaysFilledChecklistVc.swift */ = {isa = PBXFileReference; lastKnownFileType = sourcecode.swift; path = TodaysFilledChecklistVc.swift; sourceTree = "<group>"; };
		58D2F9C9223ECAE6003D71BA /* DetailMaverickTickVc.swift */ = {isa = PBXFileReference; lastKnownFileType = sourcecode.swift; path = DetailMaverickTickVc.swift; sourceTree = "<group>"; };
		58D71F73210743AE008CEE10 /* TicketImagesCVC.swift */ = {isa = PBXFileReference; lastKnownFileType = sourcecode.swift; path = TicketImagesCVC.swift; sourceTree = "<group>"; };
		58D71F74210743AE008CEE10 /* TicketImagesCVC.xib */ = {isa = PBXFileReference; lastKnownFileType = file.xib; path = TicketImagesCVC.xib; sourceTree = "<group>"; };
		58D8B86A2237B61500E5481B /* Utilities.swift */ = {isa = PBXFileReference; fileEncoding = 4; lastKnownFileType = sourcecode.swift; path = Utilities.swift; sourceTree = "<group>"; };
		58E44338224FAF58002B5438 /* QualusApp.entitlements */ = {isa = PBXFileReference; lastKnownFileType = text.plist.entitlements; path = QualusApp.entitlements; sourceTree = "<group>"; };
		58E8FC1A223FCD33000E8B58 /* AdminDetailMaverickTickVc.swift */ = {isa = PBXFileReference; lastKnownFileType = sourcecode.swift; path = AdminDetailMaverickTickVc.swift; sourceTree = "<group>"; };
		58EB5136224252E100022F80 /* ShowImagesCollectionViewCell.swift */ = {isa = PBXFileReference; fileEncoding = 4; lastKnownFileType = sourcecode.swift; path = ShowImagesCollectionViewCell.swift; sourceTree = "<group>"; };
		58EB5138224252E900022F80 /* ShowImagesCollectionViewCell.xib */ = {isa = PBXFileReference; fileEncoding = 4; lastKnownFileType = file.xib; path = ShowImagesCollectionViewCell.xib; sourceTree = "<group>"; };
		58EB513A2242770300022F80 /* AddimagesViewController.swift */ = {isa = PBXFileReference; fileEncoding = 4; lastKnownFileType = sourcecode.swift; path = AddimagesViewController.swift; sourceTree = "<group>"; };
		58EC547B224B57B400A9BD01 /* AdminMaverickTicketCell.swift */ = {isa = PBXFileReference; lastKnownFileType = sourcecode.swift; path = AdminMaverickTicketCell.swift; sourceTree = "<group>"; };
		58EC547C224B57B400A9BD01 /* AdminMaverickTicketCell.xib */ = {isa = PBXFileReference; lastKnownFileType = file.xib; path = AdminMaverickTicketCell.xib; sourceTree = "<group>"; };
		58F09925223278F8008FBBD4 /* GradientView.swift */ = {isa = PBXFileReference; fileEncoding = 4; lastKnownFileType = sourcecode.swift; path = GradientView.swift; sourceTree = "<group>"; };
		58F099272232A695008FBBD4 /* PendingMaverickTickets.swift */ = {isa = PBXFileReference; lastKnownFileType = sourcecode.swift; path = PendingMaverickTickets.swift; sourceTree = "<group>"; };
		58F099292232A6DF008FBBD4 /* PendingMaverickTicketCell.swift */ = {isa = PBXFileReference; lastKnownFileType = sourcecode.swift; path = PendingMaverickTicketCell.swift; sourceTree = "<group>"; };
		58F0992A2232A6DF008FBBD4 /* PendingMaverickTicketCell.xib */ = {isa = PBXFileReference; lastKnownFileType = file.xib; path = PendingMaverickTicketCell.xib; sourceTree = "<group>"; };
		CE01FE8421196DA400BEBB8B /* ImageCell.swift */ = {isa = PBXFileReference; lastKnownFileType = sourcecode.swift; path = ImageCell.swift; sourceTree = "<group>"; };
		CE01FE862119BFCE00BEBB8B /* ClassificationData.swift */ = {isa = PBXFileReference; lastKnownFileType = sourcecode.swift; path = ClassificationData.swift; sourceTree = "<group>"; };
		CE0C51A720B2D86500B12027 /* UserListVc.swift */ = {isa = PBXFileReference; lastKnownFileType = sourcecode.swift; path = UserListVc.swift; sourceTree = "<group>"; };
		CE0CECA2211AC627002E93B2 /* SubmitChecklistData.swift */ = {isa = PBXFileReference; lastKnownFileType = sourcecode.swift; path = SubmitChecklistData.swift; sourceTree = "<group>"; };
		CE0F65F320AD452E00B8F026 /* QualusApp.app */ = {isa = PBXFileReference; explicitFileType = wrapper.application; includeInIndex = 0; path = QualusApp.app; sourceTree = BUILT_PRODUCTS_DIR; };
		CE0F65F620AD452E00B8F026 /* AppDelegate.swift */ = {isa = PBXFileReference; lastKnownFileType = sourcecode.swift; path = AppDelegate.swift; sourceTree = "<group>"; };
		CE0F65FB20AD452E00B8F026 /* Base */ = {isa = PBXFileReference; lastKnownFileType = file.storyboard; name = Base; path = Base.lproj/Main.storyboard; sourceTree = "<group>"; };
		CE0F65FE20AD452E00B8F026 /* QualusApp.xcdatamodel */ = {isa = PBXFileReference; lastKnownFileType = wrapper.xcdatamodel; path = QualusApp.xcdatamodel; sourceTree = "<group>"; };
		CE0F660020AD452E00B8F026 /* Assets.xcassets */ = {isa = PBXFileReference; lastKnownFileType = folder.assetcatalog; path = Assets.xcassets; sourceTree = "<group>"; };
		CE0F660320AD452E00B8F026 /* Base */ = {isa = PBXFileReference; lastKnownFileType = file.storyboard; name = Base; path = Base.lproj/LaunchScreen.storyboard; sourceTree = "<group>"; };
		CE0F660520AD452E00B8F026 /* Info.plist */ = {isa = PBXFileReference; lastKnownFileType = text.plist.xml; path = Info.plist; sourceTree = "<group>"; };
		CE0F660B20AD48F200B8F026 /* LoginPageVc.swift */ = {isa = PBXFileReference; lastKnownFileType = sourcecode.swift; path = LoginPageVc.swift; sourceTree = "<group>"; };
		CE0F661120AD4B4C00B8F026 /* JYToast.swift */ = {isa = PBXFileReference; fileEncoding = 4; lastKnownFileType = sourcecode.swift; path = JYToast.swift; sourceTree = "<group>"; };
		CE0F661C20AD51C800B8F026 /* AbbrevationVc.swift */ = {isa = PBXFileReference; lastKnownFileType = sourcecode.swift; path = AbbrevationVc.swift; sourceTree = "<group>"; };
		CE12B14D213037410062F87C /* ChecklistRespImageInputCell.swift */ = {isa = PBXFileReference; lastKnownFileType = sourcecode.swift; path = ChecklistRespImageInputCell.swift; sourceTree = "<group>"; };
		CE12B14E213037410062F87C /* ChecklistRespImageInputCell.xib */ = {isa = PBXFileReference; lastKnownFileType = file.xib; path = ChecklistRespImageInputCell.xib; sourceTree = "<group>"; };
		CE13040E20B8182800E7E61E /* UserDataList.swift */ = {isa = PBXFileReference; lastKnownFileType = sourcecode.swift; path = UserDataList.swift; sourceTree = "<group>"; };
		CE2149D120C1812D00D47754 /* SubmitedChecklistCell.swift */ = {isa = PBXFileReference; lastKnownFileType = sourcecode.swift; path = SubmitedChecklistCell.swift; sourceTree = "<group>"; };
		CE2149D220C1812D00D47754 /* SubmitedChecklistCell.xib */ = {isa = PBXFileReference; lastKnownFileType = file.xib; path = SubmitedChecklistCell.xib; sourceTree = "<group>"; };
		CE234EC920B6844D00502D20 /* TicketImageVc.swift */ = {isa = PBXFileReference; lastKnownFileType = sourcecode.swift; path = TicketImageVc.swift; sourceTree = "<group>"; };
		CE234ECB20B6868B00502D20 /* TicketImaheCell.swift */ = {isa = PBXFileReference; lastKnownFileType = sourcecode.swift; path = TicketImaheCell.swift; sourceTree = "<group>"; };
		CE288A5120BFEDF800D2856E /* imageUpload.swift */ = {isa = PBXFileReference; fileEncoding = 4; lastKnownFileType = sourcecode.swift; path = imageUpload.swift; sourceTree = "<group>"; };
		CE2A852820B3F02300EC5FA0 /* UserProfileVc.swift */ = {isa = PBXFileReference; lastKnownFileType = sourcecode.swift; path = UserProfileVc.swift; sourceTree = "<group>"; };
		CE51B9CD2121630200500224 /* ChecklistQueForBarcodeVC.swift */ = {isa = PBXFileReference; lastKnownFileType = sourcecode.swift; path = ChecklistQueForBarcodeVC.swift; sourceTree = "<group>"; };
		CE51B9CF212167B100500224 /* QueTypeOneBarcodeCell.swift */ = {isa = PBXFileReference; lastKnownFileType = sourcecode.swift; path = QueTypeOneBarcodeCell.swift; sourceTree = "<group>"; };
		CE51B9D0212167B100500224 /* QueTypeOneBarcodeCell.xib */ = {isa = PBXFileReference; lastKnownFileType = file.xib; path = QueTypeOneBarcodeCell.xib; sourceTree = "<group>"; };
		CE51B9D3212167D000500224 /* QueTypeTwoBarcodeCell.swift */ = {isa = PBXFileReference; lastKnownFileType = sourcecode.swift; path = QueTypeTwoBarcodeCell.swift; sourceTree = "<group>"; };
		CE51B9D4212167D000500224 /* QueTypeTwoBarcodeCell.xib */ = {isa = PBXFileReference; lastKnownFileType = file.xib; path = QueTypeTwoBarcodeCell.xib; sourceTree = "<group>"; };
		CE5C36B820BC01EB002518BB /* ChecklistQuetionCell.swift */ = {isa = PBXFileReference; lastKnownFileType = sourcecode.swift; path = ChecklistQuetionCell.swift; sourceTree = "<group>"; };
		CE5C36B920BC01EB002518BB /* ChecklistQuetionCell.xib */ = {isa = PBXFileReference; lastKnownFileType = file.xib; path = ChecklistQuetionCell.xib; sourceTree = "<group>"; };
		CE5C36BC20BC1FAC002518BB /* ProjectsVc.swift */ = {isa = PBXFileReference; lastKnownFileType = sourcecode.swift; path = ProjectsVc.swift; sourceTree = "<group>"; };
		CE5C36C120BC2EFF002518BB /* barcodeNumberCell.swift */ = {isa = PBXFileReference; lastKnownFileType = sourcecode.swift; path = barcodeNumberCell.swift; sourceTree = "<group>"; };
		CE5DC17420C29FFA0014D0FC /* ChecklistResponceCell.swift */ = {isa = PBXFileReference; lastKnownFileType = sourcecode.swift; path = ChecklistResponceCell.swift; sourceTree = "<group>"; };
		CE5DC17520C29FFA0014D0FC /* ChecklistResponceCell.xib */ = {isa = PBXFileReference; lastKnownFileType = file.xib; path = ChecklistResponceCell.xib; sourceTree = "<group>"; };
		CE5DC17820C2A3450014D0FC /* ChecklistRespImageCell.swift */ = {isa = PBXFileReference; lastKnownFileType = sourcecode.swift; path = ChecklistRespImageCell.swift; sourceTree = "<group>"; };
		CE5DC17920C2A3450014D0FC /* ChecklistRespImageCell.xib */ = {isa = PBXFileReference; lastKnownFileType = file.xib; path = ChecklistRespImageCell.xib; sourceTree = "<group>"; };
		CE62698921254C5700C38FCE /* ImgeUploadForChecklist.swift */ = {isa = PBXFileReference; lastKnownFileType = sourcecode.swift; path = ImgeUploadForChecklist.swift; sourceTree = "<group>"; };
		CE8251FE20AD5516000C8586 /* TPKeyboardAvoidingCollectionView.h */ = {isa = PBXFileReference; fileEncoding = 4; lastKnownFileType = sourcecode.c.h; path = TPKeyboardAvoidingCollectionView.h; sourceTree = "<group>"; };
		CE8251FF20AD5516000C8586 /* TPKeyboardAvoidingCollectionView.m */ = {isa = PBXFileReference; fileEncoding = 4; lastKnownFileType = sourcecode.c.objc; path = TPKeyboardAvoidingCollectionView.m; sourceTree = "<group>"; };
		CE82520020AD5516000C8586 /* TPKeyboardAvoidingScrollView.h */ = {isa = PBXFileReference; fileEncoding = 4; lastKnownFileType = sourcecode.c.h; path = TPKeyboardAvoidingScrollView.h; sourceTree = "<group>"; };
		CE82520120AD5516000C8586 /* TPKeyboardAvoidingScrollView.m */ = {isa = PBXFileReference; fileEncoding = 4; lastKnownFileType = sourcecode.c.objc; path = TPKeyboardAvoidingScrollView.m; sourceTree = "<group>"; };
		CE82520220AD5516000C8586 /* TPKeyboardAvoidingTableView.h */ = {isa = PBXFileReference; fileEncoding = 4; lastKnownFileType = sourcecode.c.h; path = TPKeyboardAvoidingTableView.h; sourceTree = "<group>"; };
		CE82520320AD5516000C8586 /* TPKeyboardAvoidingTableView.m */ = {isa = PBXFileReference; fileEncoding = 4; lastKnownFileType = sourcecode.c.objc; path = TPKeyboardAvoidingTableView.m; sourceTree = "<group>"; };
		CE82520420AD5516000C8586 /* UIScrollView+TPKeyboardAvoidingAdditions.h */ = {isa = PBXFileReference; fileEncoding = 4; lastKnownFileType = sourcecode.c.h; path = "UIScrollView+TPKeyboardAvoidingAdditions.h"; sourceTree = "<group>"; };
		CE82520520AD5516000C8586 /* UIScrollView+TPKeyboardAvoidingAdditions.m */ = {isa = PBXFileReference; fileEncoding = 4; lastKnownFileType = sourcecode.c.objc; path = "UIScrollView+TPKeyboardAvoidingAdditions.m"; sourceTree = "<group>"; };
		CE82523020AD9E78000C8586 /* ProjectInfoCell.swift */ = {isa = PBXFileReference; lastKnownFileType = sourcecode.swift; path = ProjectInfoCell.swift; sourceTree = "<group>"; };
		CE82523420ADAD70000C8586 /* AllLocationVc.swift */ = {isa = PBXFileReference; lastKnownFileType = sourcecode.swift; path = AllLocationVc.swift; sourceTree = "<group>"; };
		CE82523620ADB5E6000C8586 /* LocationCell.swift */ = {isa = PBXFileReference; lastKnownFileType = sourcecode.swift; path = LocationCell.swift; sourceTree = "<group>"; };
		CE82523720ADB5E6000C8586 /* LocationCell.xib */ = {isa = PBXFileReference; lastKnownFileType = file.xib; path = LocationCell.xib; sourceTree = "<group>"; };
		CE8644C42114599700E47E42 /* MapLocations.swift */ = {isa = PBXFileReference; lastKnownFileType = sourcecode.swift; path = MapLocations.swift; sourceTree = "<group>"; };
		CE8644C821147D1300E47E42 /* DLRadioButton.m */ = {isa = PBXFileReference; fileEncoding = 4; lastKnownFileType = sourcecode.c.objc; path = DLRadioButton.m; sourceTree = "<group>"; };
		CE8644C921147D1300E47E42 /* DLRadioButton.h */ = {isa = PBXFileReference; fileEncoding = 4; lastKnownFileType = sourcecode.c.h; path = DLRadioButton.h; sourceTree = "<group>"; };
		CE8B4EC1213EAEDE006B2B0D /* CSRViewController.swift */ = {isa = PBXFileReference; fileEncoding = 4; lastKnownFileType = sourcecode.swift; path = CSRViewController.swift; sourceTree = "<group>"; };
		CE8B4EC2213EAEDE006B2B0D /* FeedbackViewController.swift */ = {isa = PBXFileReference; fileEncoding = 4; lastKnownFileType = sourcecode.swift; path = FeedbackViewController.swift; sourceTree = "<group>"; };
		CE8B4EC3213EAEDE006B2B0D /* FeedbackViewController.xib */ = {isa = PBXFileReference; fileEncoding = 4; lastKnownFileType = file.xib; path = FeedbackViewController.xib; sourceTree = "<group>"; };
		CE8B4EC4213EAEDE006B2B0D /* locationsCollectionViewCell.swift */ = {isa = PBXFileReference; fileEncoding = 4; lastKnownFileType = sourcecode.swift; path = locationsCollectionViewCell.swift; sourceTree = "<group>"; };
		CE8B4EC5213EAEDE006B2B0D /* locationsCollectionViewCell.xib */ = {isa = PBXFileReference; fileEncoding = 4; lastKnownFileType = file.xib; path = locationsCollectionViewCell.xib; sourceTree = "<group>"; };
		CE8B4ECB213EB055006B2B0D /* feedbackdataModel.swift */ = {isa = PBXFileReference; fileEncoding = 4; lastKnownFileType = sourcecode.swift; path = feedbackdataModel.swift; sourceTree = "<group>"; };
		CE8F816321186E89006E1B1E /* ChecklistQTypeCell.swift */ = {isa = PBXFileReference; lastKnownFileType = sourcecode.swift; path = ChecklistQTypeCell.swift; sourceTree = "<group>"; };
		CE8F816421186E89006E1B1E /* ChecklistQTypeCell.xib */ = {isa = PBXFileReference; lastKnownFileType = file.xib; path = ChecklistQTypeCell.xib; sourceTree = "<group>"; };
		CED78C1320B5966D00A62817 /* ProjectNameCell.swift */ = {isa = PBXFileReference; lastKnownFileType = sourcecode.swift; path = ProjectNameCell.swift; sourceTree = "<group>"; };
		CED78C1420B5966D00A62817 /* ProjectNameCell.xib */ = {isa = PBXFileReference; lastKnownFileType = file.xib; path = ProjectNameCell.xib; sourceTree = "<group>"; };
		CEEE895620B433F700E75A72 /* MaverickTicketCell.swift */ = {isa = PBXFileReference; lastKnownFileType = sourcecode.swift; path = MaverickTicketCell.swift; sourceTree = "<group>"; };
		CEEE895720B433F700E75A72 /* MaverickTicketCell.xib */ = {isa = PBXFileReference; lastKnownFileType = file.xib; path = MaverickTicketCell.xib; sourceTree = "<group>"; };
		CEEF5EE020B73FF000E5FA22 /* LocationData.swift */ = {isa = PBXFileReference; lastKnownFileType = sourcecode.swift; path = LocationData.swift; sourceTree = "<group>"; };
		CEF1934320B92C48001567ED /* ScannerVc.swift */ = {isa = PBXFileReference; lastKnownFileType = sourcecode.swift; path = ScannerVc.swift; sourceTree = "<group>"; };
		CEF1934520B92F3F001567ED /* Utility.swift */ = {isa = PBXFileReference; fileEncoding = 4; lastKnownFileType = sourcecode.swift; path = Utility.swift; sourceTree = "<group>"; };
		D4AEDB35C0E4C33A217FE8FD /* Pods-QualusApp.release.xcconfig */ = {isa = PBXFileReference; includeInIndex = 1; lastKnownFileType = text.xcconfig; name = "Pods-QualusApp.release.xcconfig"; path = "Pods/Target Support Files/Pods-QualusApp/Pods-QualusApp.release.xcconfig"; sourceTree = "<group>"; };
		E0D3FBC11B102FEC20A8B75C /* Pods_QualusApp.framework */ = {isa = PBXFileReference; explicitFileType = wrapper.framework; includeInIndex = 0; path = Pods_QualusApp.framework; sourceTree = BUILT_PRODUCTS_DIR; };
		E9D400BF70A9A195093E995C /* Pods-QualusApp.debug.xcconfig */ = {isa = PBXFileReference; includeInIndex = 1; lastKnownFileType = text.xcconfig; name = "Pods-QualusApp.debug.xcconfig"; path = "Pods/Target Support Files/Pods-QualusApp/Pods-QualusApp.debug.xcconfig"; sourceTree = "<group>"; };
/* End PBXFileReference section */

/* Begin PBXFrameworksBuildPhase section */
		CE0F65F020AD452E00B8F026 /* Frameworks */ = {
			isa = PBXFrameworksBuildPhase;
			buildActionMask = 2147483647;
			files = (
				323DB57AC412DD788A0DD866 /* Pods_QualusApp.framework in Frameworks */,
			);
			runOnlyForDeploymentPostprocessing = 0;
		};
/* End PBXFrameworksBuildPhase section */

/* Begin PBXGroup section */
		244491980D8F902E8FA1C825 /* Pods */ = {
			isa = PBXGroup;
			children = (
				E9D400BF70A9A195093E995C /* Pods-QualusApp.debug.xcconfig */,
				D4AEDB35C0E4C33A217FE8FD /* Pods-QualusApp.release.xcconfig */,
			);
			name = Pods;
			sourceTree = "<group>";
		};
		58091A9E2105D5F200401FB7 /* KLCPopup */ = {
			isa = PBXGroup;
			children = (
				58C9925E2204695A00E56C5A /* KLCPopup.h */,
				58C9925F2204695A00E56C5A /* KLCPopup.m */,
			);
			path = KLCPopup;
			sourceTree = "<group>";
		};
		582308B7223A39F900BDE05C /* StoryboardFile */ = {
			isa = PBXGroup;
			children = (
				582308B8223A39F900BDE05C /* AppStoryboard.swift */,
			);
			path = StoryboardFile;
			sourceTree = "<group>";
		};
		582308BC223A423F00BDE05C /* SuperAdmin */ = {
			isa = PBXGroup;
			children = (
				582308C0223A587500BDE05C /* Cells */,
				582308BF223A585D00BDE05C /* ViewControllers */,
				582308BA223A3A3700BDE05C /* SuperAdmin.storyboard */,
			);
			path = SuperAdmin;
			sourceTree = "<group>";
		};
		582308BF223A585D00BDE05C /* ViewControllers */ = {
			isa = PBXGroup;
			children = (
				582308BD223A427400BDE05C /* SuperAdminHomePageVc.swift */,
				582308C5223A716600BDE05C /* AdminMaverickTicketsVc.swift */,
				582308C7223A95FF00BDE05C /* AdminChecklistsVc.swift */,
				58D23CD2223D052B0048D9FD /* TodaysFilledChecklistVc.swift */,
				58E8FC1A223FCD33000E8B58 /* AdminDetailMaverickTickVc.swift */,
			);
			path = ViewControllers;
			sourceTree = "<group>";
		};
		582308C0223A587500BDE05C /* Cells */ = {
			isa = PBXGroup;
			children = (
				582308C1223A58B000BDE05C /* TodayAuditorCell.swift */,
				582308C3223A58D500BDE05C /* TodaySupervisorCell.swift */,
				58EC547B224B57B400A9BD01 /* AdminMaverickTicketCell.swift */,
				58EC547C224B57B400A9BD01 /* AdminMaverickTicketCell.xib */,
				58048DB6210364650076474D /* ImageCollectionViewCell.swift */,
				58048DB7210364650076474D /* ImageCollectionViewCell.xib */,
			);
			path = Cells;
			sourceTree = "<group>";
		};
		5832DE4520FF57D700483655 /* Auditor Display */ = {
			isa = PBXGroup;
			children = (
				5832DE4A20FF57D700483655 /* ProjectInfoVc.swift */,
				5832DE4720FF57D700483655 /* BarCodeVc.swift */,
				5832DE4E20FF57D700483655 /* MaverickTicketViewVc.swift */,
				5832DE4820FF57D700483655 /* GenarateMaverickTicketVc.swift */,
				58D71F73210743AE008CEE10 /* TicketImagesCVC.swift */,
				58D71F74210743AE008CEE10 /* TicketImagesCVC.xib */,
				5832DE4920FF57D700483655 /* CheckListByLocationVc.swift */,
				5832DE4B20FF57D700483655 /* SplashScreenVc.swift */,
				5832DE4C20FF57D700483655 /* SelectProjectForTicketVc.swift */,
				5832DE4620FF57D700483655 /* SubmittedChecklistVc.swift */,
				5832DE4D20FF57D700483655 /* SubmitChecklistResponseVc.swift */,
				5832DE4F20FF57D700483655 /* ChecklistQuestionsVc.swift */,
				5832DE5020FF57D700483655 /* ShowImgFullScreenVc.swift */,
				CE51B9CD2121630200500224 /* ChecklistQueForBarcodeVC.swift */,
				58F099272232A695008FBBD4 /* PendingMaverickTickets.swift */,
				58CB629C2236819000CF9E4A /* OpenImageVC.swift */,
				58D2F9C9223ECAE6003D71BA /* DetailMaverickTickVc.swift */,
				58EB513A2242770300022F80 /* AddimagesViewController.swift */,
			);
			path = "Auditor Display";
			sourceTree = "<group>";
		};
		5832DE5C20FF581000483655 /* Data Model */ = {
			isa = PBXGroup;
			children = (
				CE8B4ECB213EB055006B2B0D /* feedbackdataModel.swift */,
				5832DE5D20FF585000483655 /* ManagemnetDataModel.swift */,
				580366F02108AA190041B3A4 /* ticketMonitorDataModel.swift */,
				580B00B82109C90C00E587F5 /* checkListDataModel.swift */,
				58064D8B2112EC8D0083A726 /* FilledChecklistData.swift */,
				CE0CECA2211AC627002E93B2 /* SubmitChecklistData.swift */,
			);
			path = "Data Model";
			sourceTree = "<group>";
		};
		583356852248FA78004C8E3F /* MaterialDesign */ = {
			isa = PBXGroup;
			children = (
				583356862248FA78004C8E3F /* MKCollectionViewCell.swift */,
				583356882248FA78004C8E3F /* MKCardView.swift */,
				583356892248FA78004C8E3F /* MKSwitch.swift */,
				5833568A2248FA78004C8E3F /* MKTableViewCell.swift */,
				5833568B2248FA78004C8E3F /* MKNavigationBar.swift */,
				5833568C2248FA78004C8E3F /* MKTextField.swift */,
				5833568D2248FA78004C8E3F /* MKSnackbar.swift */,
				5833568F2248FA78004C8E3F /* MKRefreshControl.swift */,
				583356902248FA78004C8E3F /* MKImageView.swift */,
				583356912248FA78004C8E3F /* MKLabel.swift */,
				583356922248FA78004C8E3F /* MKButton.swift */,
				583356942248FA78004C8E3F /* MKLayer.swift */,
				583356952248FA78004C8E3F /* MKColor.swift */,
			);
			path = MaterialDesign;
			sourceTree = "<group>";
		};
		5876CF8A2240F4B200F47701 /* SuperVisorLogin */ = {
			isa = PBXGroup;
			children = (
				5876CF8D2240F50800F47701 /* SuperVisor.storyboard */,
				5876CF8C2240F4D800F47701 /* Cellls */,
				5876CF8B2240F4C700F47701 /* ViewControllers */,
			);
			path = SuperVisorLogin;
			sourceTree = "<group>";
		};
		5876CF8B2240F4C700F47701 /* ViewControllers */ = {
			isa = PBXGroup;
			children = (
				5876CF8F2240FAE400F47701 /* SuperVisorProjectListVc.swift */,
				5817B63C224CAB670049E280 /* SupervisorPendingMavTicketsVc.swift */,
				5817B63E224CF0200049E280 /* ProactiveTicketsVc.swift */,
			);
			path = ViewControllers;
			sourceTree = "<group>";
		};
		5876CF8C2240F4D800F47701 /* Cellls */ = {
			isa = PBXGroup;
			children = (
				5817B638224CA4A30049E280 /* AcceptPendingMavTick_onClick.swift */,
				5817B639224CA4A30049E280 /* AcceptPendingMavTick_onClick.xib */,
			);
			path = Cellls;
			sourceTree = "<group>";
		};
		5886E3BC217F06F4001F4EEA /* EmployeeLogin */ = {
			isa = PBXGroup;
			children = (
				58C380F8224B9F3B00DAD228 /* EmployeeHomePageVc.swift */,
			);
			path = EmployeeLogin;
			sourceTree = "<group>";
		};
		58A2331520FE14E6000A1C21 /* Commons Files */ = {
			isa = PBXGroup;
			children = (
				580C12962244E356007F8E7B /* Alert.swift */,
				58D8B86A2237B61500E5481B /* Utilities.swift */,
				58D23CC5223CDF8A0048D9FD /* Reachability.swift */,
				58C29F68215B769E005D183B /* ReachabilityCheck.swift */,
				58048DA82101ACE90076474D /* gradient.swift */,
				58A2331620FE14E6000A1C21 /* UIView.swift */,
				58A2331720FE14E6000A1C21 /* UIColor+Customcolor.swift */,
				58A2331820FE14E6000A1C21 /* UICollectionView.swift */,
				58A2331920FE14E6000A1C21 /* UITableView.swift */,
				58A2331A20FE14E6000A1C21 /* ErrorMsgs.swift */,
				58A2331B20FE14E6000A1C21 /* String.swift */,
				58048DA62101A7DD0076474D /* Constant.swift */,
				58A2331C20FE14E6000A1C21 /* UIViewController.swift */,
				58A2331D20FE14E6000A1C21 /* UIView+Shadow.swift */,
			);
			path = "Commons Files";
			sourceTree = "<group>";
		};
		58CBE6482252096F00F12FE6 /* TechnicaianLogin */ = {
			isa = PBXGroup;
			children = (
				58CBE649225209AA00F12FE6 /* TechnicianHomePageVc.swift */,
				58CBE64B2252175C00F12FE6 /* TechnianProactiveTicketVc.swift */,
			);
			path = TechnicaianLogin;
			sourceTree = "<group>";
		};
		58D23CC7223CF4850048D9FD /* EasyToast */ = {
			isa = PBXGroup;
			children = (
				58D23CC8223CF4850048D9FD /* ToastWindow.swift */,
				58D23CC9223CF4850048D9FD /* UIView+Toast.swift */,
				58D23CCA223CF4850048D9FD /* ToastContainerVC.swift */,
				58D23CCB223CF4850048D9FD /* EasyToastConfiguration.swift */,
				58D23CCC223CF4850048D9FD /* QueueToast.swift */,
			);
			path = EasyToast;
			sourceTree = "<group>";
		};
		7B23ED1C86695A1ACA53828E /* Frameworks */ = {
			isa = PBXGroup;
			children = (
				E0D3FBC11B102FEC20A8B75C /* Pods_QualusApp.framework */,
			);
			name = Frameworks;
			sourceTree = "<group>";
		};
		CE0F65EA20AD452E00B8F026 = {
			isa = PBXGroup;
			children = (
				58091AA72105E0B300401FB7 /* Bridge_Header.h */,
				CE0F65F520AD452E00B8F026 /* QualusApp */,
				CE0F65F420AD452E00B8F026 /* Products */,
				244491980D8F902E8FA1C825 /* Pods */,
				7B23ED1C86695A1ACA53828E /* Frameworks */,
			);
			sourceTree = "<group>";
		};
		CE0F65F420AD452E00B8F026 /* Products */ = {
			isa = PBXGroup;
			children = (
				CE0F65F320AD452E00B8F026 /* QualusApp.app */,
			);
			name = Products;
			sourceTree = "<group>";
		};
		CE0F65F520AD452E00B8F026 /* QualusApp */ = {
			isa = PBXGroup;
			children = (
				58E44338224FAF58002B5438 /* QualusApp.entitlements */,
				582308B7223A39F900BDE05C /* StoryboardFile */,
				CE8644C721147CEE00E47E42 /* Third_Party */,
				5832DE5C20FF581000483655 /* Data Model */,
				58A2331520FE14E6000A1C21 /* Commons Files */,
				CE5C36C020BC2EBE002518BB /* CameraFiles */,
				CEF1934220B92BA4001567ED /* ScannerFiles */,
				CE13041020B8199500E7E61E /* UnShowVcFiles */,
				CEEF5EDF20B73FAD00E5FA22 /* CoreDataFiles */,
				CE234EC820B6841700502D20 /* SubViewsController */,
				CE82522F20AD9E46000C8586 /* CellClasses */,
				CE0F661B20AD519400B8F026 /* ViewControllers */,
				CE0F661020AD4B2E00B8F026 /* Third Library */,
				CE0F65F620AD452E00B8F026 /* AppDelegate.swift */,
				CE0F65FA20AD452E00B8F026 /* Main.storyboard */,
				CE0F660020AD452E00B8F026 /* Assets.xcassets */,
				CE0F660220AD452E00B8F026 /* LaunchScreen.storyboard */,
				CE0F660520AD452E00B8F026 /* Info.plist */,
				58CBE64D2252464600F12FE6 /* GoogleService-Info.plist */,
				CE0F65FD20AD452E00B8F026 /* QualusApp.xcdatamodeld */,
			);
			path = QualusApp;
			sourceTree = "<group>";
		};
		CE0F661020AD4B2E00B8F026 /* Third Library */ = {
			isa = PBXGroup;
			children = (
				583356852248FA78004C8E3F /* MaterialDesign */,
				58F09925223278F8008FBBD4 /* GradientView.swift */,
				58D23CC7223CF4850048D9FD /* EasyToast */,
				58091A9E2105D5F200401FB7 /* KLCPopup */,
				CE8251FD20AD5516000C8586 /* TPkeyboard! */,
				CE0F661120AD4B4C00B8F026 /* JYToast.swift */,
			);
			path = "Third Library";
			sourceTree = "<group>";
		};
		CE0F661B20AD519400B8F026 /* ViewControllers */ = {
			isa = PBXGroup;
			children = (
				58CBE6482252096F00F12FE6 /* TechnicaianLogin */,
				5876CF8A2240F4B200F47701 /* SuperVisorLogin */,
				5886E3BC217F06F4001F4EEA /* EmployeeLogin */,
				CE8B4EC0213EAEDE006B2B0D /* CSR  */,
				CE7BCF02213946C6008F7F52 /* ManagementLogin */,
				CE0F660B20AD48F200B8F026 /* LoginPageVc.swift */,
				CE0F661C20AD51C800B8F026 /* AbbrevationVc.swift */,
				5832DE4520FF57D700483655 /* Auditor Display */,
			);
			path = ViewControllers;
			sourceTree = "<group>";
		};
		CE13041020B8199500E7E61E /* UnShowVcFiles */ = {
			isa = PBXGroup;
			children = (
				CE82523420ADAD70000C8586 /* AllLocationVc.swift */,
				CE0C51A720B2D86500B12027 /* UserListVc.swift */,
			);
			path = UnShowVcFiles;
			sourceTree = "<group>";
		};
		CE234EC820B6841700502D20 /* SubViewsController */ = {
			isa = PBXGroup;
			children = (
				CE234EC920B6844D00502D20 /* TicketImageVc.swift */,
				CE2A852820B3F02300EC5FA0 /* UserProfileVc.swift */,
			);
			path = SubViewsController;
			sourceTree = "<group>";
		};
		CE5C36C020BC2EBE002518BB /* CameraFiles */ = {
			isa = PBXGroup;
			children = (
				CE288A5120BFEDF800D2856E /* imageUpload.swift */,
				CE62698921254C5700C38FCE /* ImgeUploadForChecklist.swift */,
			);
			path = CameraFiles;
			sourceTree = "<group>";
		};
		CE7BCF02213946C6008F7F52 /* ManagementLogin */ = {
			isa = PBXGroup;
			children = (
				582308BC223A423F00BDE05C /* SuperAdmin */,
			);
			path = ManagementLogin;
			sourceTree = "<group>";
		};
		CE8251FD20AD5516000C8586 /* TPkeyboard! */ = {
			isa = PBXGroup;
			children = (
				CE8251FE20AD5516000C8586 /* TPKeyboardAvoidingCollectionView.h */,
				CE8251FF20AD5516000C8586 /* TPKeyboardAvoidingCollectionView.m */,
				CE82520020AD5516000C8586 /* TPKeyboardAvoidingScrollView.h */,
				CE82520120AD5516000C8586 /* TPKeyboardAvoidingScrollView.m */,
				CE82520220AD5516000C8586 /* TPKeyboardAvoidingTableView.h */,
				CE82520320AD5516000C8586 /* TPKeyboardAvoidingTableView.m */,
				CE82520420AD5516000C8586 /* UIScrollView+TPKeyboardAvoidingAdditions.h */,
				CE82520520AD5516000C8586 /* UIScrollView+TPKeyboardAvoidingAdditions.m */,
			);
			path = "TPkeyboard!";
			sourceTree = "<group>";
		};
		CE82522F20AD9E46000C8586 /* CellClasses */ = {
			isa = PBXGroup;
			children = (
				CE82523020AD9E78000C8586 /* ProjectInfoCell.swift */,
				CE82523620ADB5E6000C8586 /* LocationCell.swift */,
				CE82523720ADB5E6000C8586 /* LocationCell.xib */,
				CEEE895620B433F700E75A72 /* MaverickTicketCell.swift */,
				CEEE895720B433F700E75A72 /* MaverickTicketCell.xib */,
				CED78C1320B5966D00A62817 /* ProjectNameCell.swift */,
				CED78C1420B5966D00A62817 /* ProjectNameCell.xib */,
				CE234ECB20B6868B00502D20 /* TicketImaheCell.swift */,
				CE5C36B820BC01EB002518BB /* ChecklistQuetionCell.swift */,
				CE5C36B920BC01EB002518BB /* ChecklistQuetionCell.xib */,
				CE5C36C120BC2EFF002518BB /* barcodeNumberCell.swift */,
				CE2149D120C1812D00D47754 /* SubmitedChecklistCell.swift */,
				CE2149D220C1812D00D47754 /* SubmitedChecklistCell.xib */,
				CE5DC17420C29FFA0014D0FC /* ChecklistResponceCell.swift */,
				CE5DC17520C29FFA0014D0FC /* ChecklistResponceCell.xib */,
				CE5DC17820C2A3450014D0FC /* ChecklistRespImageCell.swift */,
				CE5DC17920C2A3450014D0FC /* ChecklistRespImageCell.xib */,
				CE8F816321186E89006E1B1E /* ChecklistQTypeCell.swift */,
				CE8F816421186E89006E1B1E /* ChecklistQTypeCell.xib */,
				CE01FE8421196DA400BEBB8B /* ImageCell.swift */,
				CE51B9CF212167B100500224 /* QueTypeOneBarcodeCell.swift */,
				CE51B9D0212167B100500224 /* QueTypeOneBarcodeCell.xib */,
				CE51B9D3212167D000500224 /* QueTypeTwoBarcodeCell.swift */,
				CE51B9D4212167D000500224 /* QueTypeTwoBarcodeCell.xib */,
				CE12B14D213037410062F87C /* ChecklistRespImageInputCell.swift */,
				CE12B14E213037410062F87C /* ChecklistRespImageInputCell.xib */,
				58F099292232A6DF008FBBD4 /* PendingMaverickTicketCell.swift */,
				58F0992A2232A6DF008FBBD4 /* PendingMaverickTicketCell.xib */,
				58CB629A2236767B00CF9E4A /* MaverickTicketImageCell.swift */,
				58EB5138224252E900022F80 /* ShowImagesCollectionViewCell.xib */,
				58EB5136224252E100022F80 /* ShowImagesCollectionViewCell.swift */,
				580510CF2243E8B0001ECB62 /* imagesCollectionViewCell.swift */,
			);
			path = CellClasses;
			sourceTree = "<group>";
		};
		CE8644C721147CEE00E47E42 /* Third_Party */ = {
			isa = PBXGroup;
			children = (
				58CB629822365A8000CF9E4A /* Cardview.swift */,
				CE8644C921147D1300E47E42 /* DLRadioButton.h */,
				CE8644C821147D1300E47E42 /* DLRadioButton.m */,
			);
			path = Third_Party;
			sourceTree = "<group>";
		};
		CE8B4EC0213EAEDE006B2B0D /* CSR  */ = {
			isa = PBXGroup;
			children = (
				CE8B4EC1213EAEDE006B2B0D /* CSRViewController.swift */,
				CE8B4EC2213EAEDE006B2B0D /* FeedbackViewController.swift */,
				CE8B4EC3213EAEDE006B2B0D /* FeedbackViewController.xib */,
				CE8B4EC4213EAEDE006B2B0D /* locationsCollectionViewCell.swift */,
				CE8B4EC5213EAEDE006B2B0D /* locationsCollectionViewCell.xib */,
			);
			path = "CSR ";
			sourceTree = "<group>";
		};
		CEEF5EDF20B73FAD00E5FA22 /* CoreDataFiles */ = {
			isa = PBXGroup;
			children = (
				CEEF5EE020B73FF000E5FA22 /* LocationData.swift */,
				CE13040E20B8182800E7E61E /* UserDataList.swift */,
				CE5C36BC20BC1FAC002518BB /* ProjectsVc.swift */,
				CE8644C42114599700E47E42 /* MapLocations.swift */,
				CE01FE862119BFCE00BEBB8B /* ClassificationData.swift */,
			);
			path = CoreDataFiles;
			sourceTree = "<group>";
		};
		CEF1934220B92BA4001567ED /* ScannerFiles */ = {
			isa = PBXGroup;
			children = (
				CEF1934520B92F3F001567ED /* Utility.swift */,
				CEF1934320B92C48001567ED /* ScannerVc.swift */,
				580C12942244DF4C007F8E7B /* ScanAfterChecklistVc.swift */,
				5863BF31224DF642005FEB45 /* ScanForCloseProTicVc.swift */,
			);
			path = ScannerFiles;
			sourceTree = "<group>";
		};
/* End PBXGroup section */

/* Begin PBXNativeTarget section */
		CE0F65F220AD452E00B8F026 /* QualusApp */ = {
			isa = PBXNativeTarget;
			buildConfigurationList = CE0F660820AD452E00B8F026 /* Build configuration list for PBXNativeTarget "QualusApp" */;
			buildPhases = (
				F48870CDFF3F04EE4D229254 /* [CP] Check Pods Manifest.lock */,
				CE0F65EF20AD452E00B8F026 /* Sources */,
				CE0F65F020AD452E00B8F026 /* Frameworks */,
				CE0F65F120AD452E00B8F026 /* Resources */,
				9A497131223DCAF82B98C70F /* [CP] Embed Pods Frameworks */,
			);
			buildRules = (
			);
			dependencies = (
			);
			name = QualusApp;
			productName = QualusApp;
			productReference = CE0F65F320AD452E00B8F026 /* QualusApp.app */;
			productType = "com.apple.product-type.application";
		};
/* End PBXNativeTarget section */

/* Begin PBXProject section */
		CE0F65EB20AD452E00B8F026 /* Project object */ = {
			isa = PBXProject;
			attributes = {
				LastSwiftUpdateCheck = 0920;
				LastUpgradeCheck = 0940;
				ORGANIZATIONNAME = user;
				TargetAttributes = {
					CE0F65F220AD452E00B8F026 = {
						CreatedOnToolsVersion = 9.2;
						ProvisioningStyle = Manual;
						SystemCapabilities = {
							com.apple.BackgroundModes = {
								enabled = 1;
							};
							com.apple.Keychain = {
								enabled = 0;
							};
							com.apple.NetworkExtensions.iOS = {
								enabled = 0;
							};
							com.apple.Push = {
								enabled = 1;
							};
							com.apple.SafariKeychain = {
								enabled = 0;
							};
							com.apple.VPNLite = {
								enabled = 0;
							};
						};
					};
				};
			};
			buildConfigurationList = CE0F65EE20AD452E00B8F026 /* Build configuration list for PBXProject "QualusApp" */;
			compatibilityVersion = "Xcode 8.0";
			developmentRegion = en;
			hasScannedForEncodings = 0;
			knownRegions = (
				en,
				Base,
			);
			mainGroup = CE0F65EA20AD452E00B8F026;
			productRefGroup = CE0F65F420AD452E00B8F026 /* Products */;
			projectDirPath = "";
			projectRoot = "";
			targets = (
				CE0F65F220AD452E00B8F026 /* QualusApp */,
			);
		};
/* End PBXProject section */

/* Begin PBXResourcesBuildPhase section */
		CE0F65F120AD452E00B8F026 /* Resources */ = {
			isa = PBXResourcesBuildPhase;
			buildActionMask = 2147483647;
			files = (
				CE5C36BB20BC01EB002518BB /* ChecklistQuetionCell.xib in Resources */,
				582308BB223A3A3700BDE05C /* SuperAdmin.storyboard in Resources */,
				58CBE64E2252464600F12FE6 /* GoogleService-Info.plist in Resources */,
				CE8B4ECA213EAEDE006B2B0D /* locationsCollectionViewCell.xib in Resources */,
				CE51B9D6212167D000500224 /* QueTypeTwoBarcodeCell.xib in Resources */,
				58F0992C2232A6DF008FBBD4 /* PendingMaverickTicketCell.xib in Resources */,
				5817B63B224CA4A30049E280 /* AcceptPendingMavTick_onClick.xib in Resources */,
				CE2149D420C1812D00D47754 /* SubmitedChecklistCell.xib in Resources */,
				58048DB9210364650076474D /* ImageCollectionViewCell.xib in Resources */,
				CE8F816621186E89006E1B1E /* ChecklistQTypeCell.xib in Resources */,
				CE0F660420AD452E00B8F026 /* LaunchScreen.storyboard in Resources */,
				CE0F660120AD452E00B8F026 /* Assets.xcassets in Resources */,
				CE8B4EC8213EAEDE006B2B0D /* FeedbackViewController.xib in Resources */,
				CE82523920ADB5E6000C8586 /* LocationCell.xib in Resources */,
				CEEE895920B433F700E75A72 /* MaverickTicketCell.xib in Resources */,
				CE5DC17B20C2A3450014D0FC /* ChecklistRespImageCell.xib in Resources */,
				5876CF8E2240F50800F47701 /* SuperVisor.storyboard in Resources */,
				CE51B9D2212167B100500224 /* QueTypeOneBarcodeCell.xib in Resources */,
				CE0F65FC20AD452E00B8F026 /* Main.storyboard in Resources */,
				CED78C1620B5966D00A62817 /* ProjectNameCell.xib in Resources */,
				CE12B150213037410062F87C /* ChecklistRespImageInputCell.xib in Resources */,
				58EB5139224252E900022F80 /* ShowImagesCollectionViewCell.xib in Resources */,
				58D71F76210743AE008CEE10 /* TicketImagesCVC.xib in Resources */,
				CE5DC17720C29FFA0014D0FC /* ChecklistResponceCell.xib in Resources */,
				58EC547E224B57B400A9BD01 /* AdminMaverickTicketCell.xib in Resources */,
			);
			runOnlyForDeploymentPostprocessing = 0;
		};
/* End PBXResourcesBuildPhase section */

/* Begin PBXShellScriptBuildPhase section */
		9A497131223DCAF82B98C70F /* [CP] Embed Pods Frameworks */ = {
			isa = PBXShellScriptBuildPhase;
			buildActionMask = 2147483647;
			files = (
			);
			inputPaths = (
				"${SRCROOT}/Pods/Target Support Files/Pods-QualusApp/Pods-QualusApp-frameworks.sh",
				"${BUILT_PRODUCTS_DIR}/ALCameraViewController/ALCameraViewController.framework",
				"${BUILT_PRODUCTS_DIR}/AVScanner/AVScanner.framework",
				"${BUILT_PRODUCTS_DIR}/Alamofire/Alamofire.framework",
				"${BUILT_PRODUCTS_DIR}/AlamofireImage/AlamofireImage.framework",
				"${BUILT_PRODUCTS_DIR}/GoogleToolboxForMac/GoogleToolboxForMac.framework",
				"${BUILT_PRODUCTS_DIR}/IQKeyboardManager/IQKeyboardManager.framework",
				"${BUILT_PRODUCTS_DIR}/Kingfisher/Kingfisher.framework",
				"${BUILT_PRODUCTS_DIR}/Protobuf/Protobuf.framework",
				"${BUILT_PRODUCTS_DIR}/SDWebImage/SDWebImage.framework",
				"${BUILT_PRODUCTS_DIR}/SVProgressHUD/SVProgressHUD.framework",
				"${BUILT_PRODUCTS_DIR}/TextFieldEffects/TextFieldEffects.framework",
				"${BUILT_PRODUCTS_DIR}/leveldb-library/leveldb.framework",
				"${BUILT_PRODUCTS_DIR}/libwebp/libwebp.framework",
				"${BUILT_PRODUCTS_DIR}/nanopb/nanopb.framework",
			);
			name = "[CP] Embed Pods Frameworks";
			outputPaths = (
				"${TARGET_BUILD_DIR}/${FRAMEWORKS_FOLDER_PATH}/ALCameraViewController.framework",
				"${TARGET_BUILD_DIR}/${FRAMEWORKS_FOLDER_PATH}/AVScanner.framework",
				"${TARGET_BUILD_DIR}/${FRAMEWORKS_FOLDER_PATH}/Alamofire.framework",
				"${TARGET_BUILD_DIR}/${FRAMEWORKS_FOLDER_PATH}/AlamofireImage.framework",
				"${TARGET_BUILD_DIR}/${FRAMEWORKS_FOLDER_PATH}/GoogleToolboxForMac.framework",
				"${TARGET_BUILD_DIR}/${FRAMEWORKS_FOLDER_PATH}/IQKeyboardManager.framework",
				"${TARGET_BUILD_DIR}/${FRAMEWORKS_FOLDER_PATH}/Kingfisher.framework",
				"${TARGET_BUILD_DIR}/${FRAMEWORKS_FOLDER_PATH}/Protobuf.framework",
				"${TARGET_BUILD_DIR}/${FRAMEWORKS_FOLDER_PATH}/SDWebImage.framework",
				"${TARGET_BUILD_DIR}/${FRAMEWORKS_FOLDER_PATH}/SVProgressHUD.framework",
				"${TARGET_BUILD_DIR}/${FRAMEWORKS_FOLDER_PATH}/TextFieldEffects.framework",
				"${TARGET_BUILD_DIR}/${FRAMEWORKS_FOLDER_PATH}/leveldb.framework",
				"${TARGET_BUILD_DIR}/${FRAMEWORKS_FOLDER_PATH}/libwebp.framework",
				"${TARGET_BUILD_DIR}/${FRAMEWORKS_FOLDER_PATH}/nanopb.framework",
			);
			runOnlyForDeploymentPostprocessing = 0;
			shellPath = /bin/sh;
			shellScript = "\"${SRCROOT}/Pods/Target Support Files/Pods-QualusApp/Pods-QualusApp-frameworks.sh\"\n";
			showEnvVarsInLog = 0;
		};
		F48870CDFF3F04EE4D229254 /* [CP] Check Pods Manifest.lock */ = {
			isa = PBXShellScriptBuildPhase;
			buildActionMask = 2147483647;
			files = (
			);
			inputPaths = (
				"${PODS_PODFILE_DIR_PATH}/Podfile.lock",
				"${PODS_ROOT}/Manifest.lock",
			);
			name = "[CP] Check Pods Manifest.lock";
			outputPaths = (
				"$(DERIVED_FILE_DIR)/Pods-QualusApp-checkManifestLockResult.txt",
			);
			runOnlyForDeploymentPostprocessing = 0;
			shellPath = /bin/sh;
			shellScript = "diff \"${PODS_PODFILE_DIR_PATH}/Podfile.lock\" \"${PODS_ROOT}/Manifest.lock\" > /dev/null\nif [ $? != 0 ] ; then\n    # print error to STDERR\n    echo \"error: The sandbox is not in sync with the Podfile.lock. Run 'pod install' or update your CocoaPods installation.\" >&2\n    exit 1\nfi\n# This output is used by Xcode 'outputs' to avoid re-running this script phase.\necho \"SUCCESS\" > \"${SCRIPT_OUTPUT_FILE_0}\"\n";
			showEnvVarsInLog = 0;
		};
/* End PBXShellScriptBuildPhase section */

/* Begin PBXSourcesBuildPhase section */
		CE0F65EF20AD452E00B8F026 /* Sources */ = {
			isa = PBXSourcesBuildPhase;
			buildActionMask = 2147483647;
			files = (
				CEEF5EE120B73FF000E5FA22 /* LocationData.swift in Sources */,
				5817B63D224CAB670049E280 /* SupervisorPendingMavTicketsVc.swift in Sources */,
				58CBE64C2252175C00F12FE6 /* TechnianProactiveTicketVc.swift in Sources */,
				5832DE5520FF57D700483655 /* ProjectInfoVc.swift in Sources */,
				CE0F65FF20AD452E00B8F026 /* QualusApp.xcdatamodeld in Sources */,
				CE8B4EC6213EAEDE006B2B0D /* CSRViewController.swift in Sources */,
				CE01FE872119BFCE00BEBB8B /* ClassificationData.swift in Sources */,
				5832DE5620FF57D700483655 /* SplashScreenVc.swift in Sources */,
				58A2332020FE14E6000A1C21 /* UICollectionView.swift in Sources */,
				58048DB8210364650076474D /* ImageCollectionViewCell.swift in Sources */,
				58A2332420FE14E7000A1C21 /* UIViewController.swift in Sources */,
				58D23CD0223CF4850048D9FD /* EasyToastConfiguration.swift in Sources */,
				582308C6223A716600BDE05C /* AdminMaverickTicketsVc.swift in Sources */,
				5833569B2248FA78004C8E3F /* MKTableViewCell.swift in Sources */,
				5817B63F224CF0200049E280 /* ProactiveTicketsVc.swift in Sources */,
				CE62698A21254C5700C38FCE /* ImgeUploadForChecklist.swift in Sources */,
				CE8B4EC9213EAEDE006B2B0D /* locationsCollectionViewCell.swift in Sources */,
				CE0C51A820B2D86500B12027 /* UserListVc.swift in Sources */,
				5876CF902240FAE400F47701 /* SuperVisorProjectListVc.swift in Sources */,
				58D8B86B2237B61500E5481B /* Utilities.swift in Sources */,
				CE5DC17A20C2A3450014D0FC /* ChecklistRespImageCell.swift in Sources */,
				5833569D2248FA78004C8E3F /* MKTextField.swift in Sources */,
				583356A12248FA78004C8E3F /* MKImageView.swift in Sources */,
				CE51B9D5212167D000500224 /* QueTypeTwoBarcodeCell.swift in Sources */,
				58EC547D224B57B400A9BD01 /* AdminMaverickTicketCell.swift in Sources */,
				58048DA72101A7DD0076474D /* Constant.swift in Sources */,
				CE82520720AD5516000C8586 /* TPKeyboardAvoidingScrollView.m in Sources */,
				58EB5137224252E100022F80 /* ShowImagesCollectionViewCell.swift in Sources */,
				58C992602204695B00E56C5A /* KLCPopup.m in Sources */,
				58C380F9224B9F3B00DAD228 /* EmployeeHomePageVc.swift in Sources */,
				CE234ECA20B6844D00502D20 /* TicketImageVc.swift in Sources */,
				58D23CCD223CF4850048D9FD /* ToastWindow.swift in Sources */,
				58A2332220FE14E6000A1C21 /* ErrorMsgs.swift in Sources */,
				CE0CECA3211AC627002E93B2 /* SubmitChecklistData.swift in Sources */,
				58064D8C2112EC8D0083A726 /* FilledChecklistData.swift in Sources */,
				58D71F75210743AE008CEE10 /* TicketImagesCVC.swift in Sources */,
				CE8B4ECC213EB055006B2B0D /* feedbackdataModel.swift in Sources */,
				58CBE64A225209AA00F12FE6 /* TechnicianHomePageVc.swift in Sources */,
				582308C2223A58B000BDE05C /* TodayAuditorCell.swift in Sources */,
				CE234ECC20B6868B00502D20 /* TicketImaheCell.swift in Sources */,
				5832DE5420FF57D700483655 /* CheckListByLocationVc.swift in Sources */,
				CE5C36BD20BC1FAC002518BB /* ProjectsVc.swift in Sources */,
				58048DA92101ACE90076474D /* gradient.swift in Sources */,
				5863BF32224DF642005FEB45 /* ScanForCloseProTicVc.swift in Sources */,
				CE2149D320C1812D00D47754 /* SubmitedChecklistCell.swift in Sources */,
				58D23CCE223CF4850048D9FD /* UIView+Toast.swift in Sources */,
				5832DE5220FF57D700483655 /* BarCodeVc.swift in Sources */,
				CE8B4EC7213EAEDE006B2B0D /* FeedbackViewController.swift in Sources */,
				5833569A2248FA78004C8E3F /* MKSwitch.swift in Sources */,
				5832DE5A20FF57D700483655 /* ChecklistQuestionsVc.swift in Sources */,
				583356A02248FA78004C8E3F /* MKRefreshControl.swift in Sources */,
				5832DE5320FF57D700483655 /* GenarateMaverickTicketVc.swift in Sources */,
				58C29F69215B769E005D183B /* ReachabilityCheck.swift in Sources */,
				58A2331F20FE14E6000A1C21 /* UIColor+Customcolor.swift in Sources */,
				CE51B9D1212167B100500224 /* QueTypeOneBarcodeCell.swift in Sources */,
				CE82523820ADB5E6000C8586 /* LocationCell.swift in Sources */,
				CE82523520ADAD70000C8586 /* AllLocationVc.swift in Sources */,
				CEEE895820B433F700E75A72 /* MaverickTicketCell.swift in Sources */,
				58EB513B2242770300022F80 /* AddimagesViewController.swift in Sources */,
				CED78C1520B5966D00A62817 /* ProjectNameCell.swift in Sources */,
				CE5C36BA20BC01EB002518BB /* ChecklistQuetionCell.swift in Sources */,
				5832DE5720FF57D700483655 /* SelectProjectForTicketVc.swift in Sources */,
				58A2332520FE14E7000A1C21 /* UIView+Shadow.swift in Sources */,
				58A2331E20FE14E6000A1C21 /* UIView.swift in Sources */,
				CE2A852920B3F02300EC5FA0 /* UserProfileVc.swift in Sources */,
				580366F12108AA190041B3A4 /* ticketMonitorDataModel.swift in Sources */,
				58D23CD3223D052B0048D9FD /* TodaysFilledChecklistVc.swift in Sources */,
				58A2332120FE14E6000A1C21 /* UITableView.swift in Sources */,
				583356A52248FA78004C8E3F /* MKLayer.swift in Sources */,
				5832DE5B20FF57D700483655 /* ShowImgFullScreenVc.swift in Sources */,
				CE8644C52114599700E47E42 /* MapLocations.swift in Sources */,
				CE8644CA21147D1300E47E42 /* DLRadioButton.m in Sources */,
				582308C4223A58D500BDE05C /* TodaySupervisorCell.swift in Sources */,
				5832DE5120FF57D700483655 /* SubmittedChecklistVc.swift in Sources */,
				580510D02243E8B0001ECB62 /* imagesCollectionViewCell.swift in Sources */,
				CE5C36C220BC2EFF002518BB /* barcodeNumberCell.swift in Sources */,
				CE82520820AD5516000C8586 /* TPKeyboardAvoidingTableView.m in Sources */,
				5832DE5820FF57D700483655 /* SubmitChecklistResponseVc.swift in Sources */,
				58CB629B2236767B00CF9E4A /* MaverickTicketImageCell.swift in Sources */,
				583356A32248FA78004C8E3F /* MKButton.swift in Sources */,
				CE5DC17620C29FFA0014D0FC /* ChecklistResponceCell.swift in Sources */,
				58CB629922365A8000CF9E4A /* Cardview.swift in Sources */,
				5832DE5920FF57D700483655 /* MaverickTicketViewVc.swift in Sources */,
				580B00B92109C90C00E587F5 /* checkListDataModel.swift in Sources */,
				58E8FC1B223FCD33000E8B58 /* AdminDetailMaverickTickVc.swift in Sources */,
				58D23CC6223CDF8A0048D9FD /* Reachability.swift in Sources */,
				CE0F660C20AD48F200B8F026 /* LoginPageVc.swift in Sources */,
				58F099282232A695008FBBD4 /* PendingMaverickTickets.swift in Sources */,
				58D23CD1223CF4850048D9FD /* QueueToast.swift in Sources */,
				CE12B14F213037410062F87C /* ChecklistRespImageInputCell.swift in Sources */,
				CEF1934420B92C48001567ED /* ScannerVc.swift in Sources */,
				CE01FE8521196DA400BEBB8B /* ImageCell.swift in Sources */,
				583356A62248FA78004C8E3F /* MKColor.swift in Sources */,
				583356A22248FA78004C8E3F /* MKLabel.swift in Sources */,
				580C12952244DF4C007F8E7B /* ScanAfterChecklistVc.swift in Sources */,
				583356972248FA78004C8E3F /* MKCollectionViewCell.swift in Sources */,
				58F09926223278F9008FBBD4 /* GradientView.swift in Sources */,
				5832DE5E20FF585000483655 /* ManagemnetDataModel.swift in Sources */,
				CE8F816521186E89006E1B1E /* ChecklistQTypeCell.swift in Sources */,
				CE0F661220AD4B4C00B8F026 /* JYToast.swift in Sources */,
				5833569C2248FA78004C8E3F /* MKNavigationBar.swift in Sources */,
				CE0F661D20AD51C800B8F026 /* AbbrevationVc.swift in Sources */,
				582308C8223A95FF00BDE05C /* AdminChecklistsVc.swift in Sources */,
				58CB629D2236819000CF9E4A /* OpenImageVC.swift in Sources */,
				5833569E2248FA78004C8E3F /* MKSnackbar.swift in Sources */,
				CE288A5220BFEDF800D2856E /* imageUpload.swift in Sources */,
				58A2332320FE14E6000A1C21 /* String.swift in Sources */,
				CEF1934620B92F3F001567ED /* Utility.swift in Sources */,
				CE0F65F720AD452E00B8F026 /* AppDelegate.swift in Sources */,
				CE82520620AD5516000C8586 /* TPKeyboardAvoidingCollectionView.m in Sources */,
				58F0992B2232A6DF008FBBD4 /* PendingMaverickTicketCell.swift in Sources */,
				58D2F9CA223ECAE7003D71BA /* DetailMaverickTickVc.swift in Sources */,
				582308B9223A39F900BDE05C /* AppStoryboard.swift in Sources */,
				CE82523120AD9E78000C8586 /* ProjectInfoCell.swift in Sources */,
				CE51B9CE2121630200500224 /* ChecklistQueForBarcodeVC.swift in Sources */,
				583356992248FA78004C8E3F /* MKCardView.swift in Sources */,
				582308BE223A427400BDE05C /* SuperAdminHomePageVc.swift in Sources */,
				580C12972244E356007F8E7B /* Alert.swift in Sources */,
				58D23CCF223CF4850048D9FD /* ToastContainerVC.swift in Sources */,
				5817B63A224CA4A30049E280 /* AcceptPendingMavTick_onClick.swift in Sources */,
				CE82520920AD5516000C8586 /* UIScrollView+TPKeyboardAvoidingAdditions.m in Sources */,
				CE13040F20B8182800E7E61E /* UserDataList.swift in Sources */,
			);
			runOnlyForDeploymentPostprocessing = 0;
		};
/* End PBXSourcesBuildPhase section */

/* Begin PBXVariantGroup section */
		CE0F65FA20AD452E00B8F026 /* Main.storyboard */ = {
			isa = PBXVariantGroup;
			children = (
				CE0F65FB20AD452E00B8F026 /* Base */,
			);
			name = Main.storyboard;
			sourceTree = "<group>";
		};
		CE0F660220AD452E00B8F026 /* LaunchScreen.storyboard */ = {
			isa = PBXVariantGroup;
			children = (
				CE0F660320AD452E00B8F026 /* Base */,
			);
			name = LaunchScreen.storyboard;
			sourceTree = "<group>";
		};
/* End PBXVariantGroup section */

/* Begin XCBuildConfiguration section */
		CE0F660620AD452E00B8F026 /* Debug */ = {
			isa = XCBuildConfiguration;
			buildSettings = {
				ALWAYS_SEARCH_USER_PATHS = NO;
				CLANG_ANALYZER_NONNULL = YES;
				CLANG_ANALYZER_NUMBER_OBJECT_CONVERSION = YES_AGGRESSIVE;
				CLANG_CXX_LANGUAGE_STANDARD = "gnu++14";
				CLANG_CXX_LIBRARY = "libc++";
				CLANG_ENABLE_MODULES = YES;
				CLANG_ENABLE_OBJC_ARC = YES;
				CLANG_WARN_BLOCK_CAPTURE_AUTORELEASING = YES;
				CLANG_WARN_BOOL_CONVERSION = YES;
				CLANG_WARN_COMMA = YES;
				CLANG_WARN_CONSTANT_CONVERSION = YES;
				CLANG_WARN_DEPRECATED_OBJC_IMPLEMENTATIONS = YES;
				CLANG_WARN_DIRECT_OBJC_ISA_USAGE = YES_ERROR;
				CLANG_WARN_DOCUMENTATION_COMMENTS = YES;
				CLANG_WARN_EMPTY_BODY = YES;
				CLANG_WARN_ENUM_CONVERSION = YES;
				CLANG_WARN_INFINITE_RECURSION = YES;
				CLANG_WARN_INT_CONVERSION = YES;
				CLANG_WARN_NON_LITERAL_NULL_CONVERSION = YES;
				CLANG_WARN_OBJC_IMPLICIT_RETAIN_SELF = YES;
				CLANG_WARN_OBJC_LITERAL_CONVERSION = YES;
				CLANG_WARN_OBJC_ROOT_CLASS = YES_ERROR;
				CLANG_WARN_RANGE_LOOP_ANALYSIS = YES;
				CLANG_WARN_STRICT_PROTOTYPES = YES;
				CLANG_WARN_SUSPICIOUS_MOVE = YES;
				CLANG_WARN_UNGUARDED_AVAILABILITY = YES_AGGRESSIVE;
				CLANG_WARN_UNREACHABLE_CODE = YES;
				CLANG_WARN__DUPLICATE_METHOD_MATCH = YES;
				CODE_SIGN_IDENTITY = "iPhone Developer";
				COPY_PHASE_STRIP = NO;
				DEBUG_INFORMATION_FORMAT = dwarf;
				ENABLE_STRICT_OBJC_MSGSEND = YES;
				ENABLE_TESTABILITY = YES;
				GCC_C_LANGUAGE_STANDARD = gnu11;
				GCC_DYNAMIC_NO_PIC = NO;
				GCC_NO_COMMON_BLOCKS = YES;
				GCC_OPTIMIZATION_LEVEL = 0;
				GCC_PREPROCESSOR_DEFINITIONS = (
					"DEBUG=1",
					"$(inherited)",
				);
				GCC_WARN_64_TO_32_BIT_CONVERSION = YES;
				GCC_WARN_ABOUT_RETURN_TYPE = YES_ERROR;
				GCC_WARN_UNDECLARED_SELECTOR = YES;
				GCC_WARN_UNINITIALIZED_AUTOS = YES_AGGRESSIVE;
				GCC_WARN_UNUSED_FUNCTION = YES;
				GCC_WARN_UNUSED_VARIABLE = YES;
				IPHONEOS_DEPLOYMENT_TARGET = 11.2;
				MTL_ENABLE_DEBUG_INFO = YES;
				ONLY_ACTIVE_ARCH = YES;
				SDKROOT = iphoneos;
				SWIFT_ACTIVE_COMPILATION_CONDITIONS = DEBUG;
				SWIFT_OBJC_BRIDGING_HEADER = QualusApp/Header.h;
				SWIFT_OPTIMIZATION_LEVEL = "-Onone";
			};
			name = Debug;
		};
		CE0F660720AD452E00B8F026 /* Release */ = {
			isa = XCBuildConfiguration;
			buildSettings = {
				ALWAYS_SEARCH_USER_PATHS = NO;
				CLANG_ANALYZER_NONNULL = YES;
				CLANG_ANALYZER_NUMBER_OBJECT_CONVERSION = YES_AGGRESSIVE;
				CLANG_CXX_LANGUAGE_STANDARD = "gnu++14";
				CLANG_CXX_LIBRARY = "libc++";
				CLANG_ENABLE_MODULES = YES;
				CLANG_ENABLE_OBJC_ARC = YES;
				CLANG_WARN_BLOCK_CAPTURE_AUTORELEASING = YES;
				CLANG_WARN_BOOL_CONVERSION = YES;
				CLANG_WARN_COMMA = YES;
				CLANG_WARN_CONSTANT_CONVERSION = YES;
				CLANG_WARN_DEPRECATED_OBJC_IMPLEMENTATIONS = YES;
				CLANG_WARN_DIRECT_OBJC_ISA_USAGE = YES_ERROR;
				CLANG_WARN_DOCUMENTATION_COMMENTS = YES;
				CLANG_WARN_EMPTY_BODY = YES;
				CLANG_WARN_ENUM_CONVERSION = YES;
				CLANG_WARN_INFINITE_RECURSION = YES;
				CLANG_WARN_INT_CONVERSION = YES;
				CLANG_WARN_NON_LITERAL_NULL_CONVERSION = YES;
				CLANG_WARN_OBJC_IMPLICIT_RETAIN_SELF = YES;
				CLANG_WARN_OBJC_LITERAL_CONVERSION = YES;
				CLANG_WARN_OBJC_ROOT_CLASS = YES_ERROR;
				CLANG_WARN_RANGE_LOOP_ANALYSIS = YES;
				CLANG_WARN_STRICT_PROTOTYPES = YES;
				CLANG_WARN_SUSPICIOUS_MOVE = YES;
				CLANG_WARN_UNGUARDED_AVAILABILITY = YES_AGGRESSIVE;
				CLANG_WARN_UNREACHABLE_CODE = YES;
				CLANG_WARN__DUPLICATE_METHOD_MATCH = YES;
				CODE_SIGN_IDENTITY = "iPhone Developer";
				COPY_PHASE_STRIP = NO;
				DEBUG_INFORMATION_FORMAT = "dwarf-with-dsym";
				ENABLE_NS_ASSERTIONS = NO;
				ENABLE_STRICT_OBJC_MSGSEND = YES;
				GCC_C_LANGUAGE_STANDARD = gnu11;
				GCC_NO_COMMON_BLOCKS = YES;
				GCC_WARN_64_TO_32_BIT_CONVERSION = YES;
				GCC_WARN_ABOUT_RETURN_TYPE = YES_ERROR;
				GCC_WARN_UNDECLARED_SELECTOR = YES;
				GCC_WARN_UNINITIALIZED_AUTOS = YES_AGGRESSIVE;
				GCC_WARN_UNUSED_FUNCTION = YES;
				GCC_WARN_UNUSED_VARIABLE = YES;
				IPHONEOS_DEPLOYMENT_TARGET = 11.2;
				MTL_ENABLE_DEBUG_INFO = NO;
				SDKROOT = iphoneos;
				SWIFT_OBJC_BRIDGING_HEADER = QualusApp/Header.h;
				SWIFT_OPTIMIZATION_LEVEL = "-Owholemodule";
				VALIDATE_PRODUCT = YES;
			};
			name = Release;
		};
		CE0F660920AD452E00B8F026 /* Debug */ = {
			isa = XCBuildConfiguration;
			baseConfigurationReference = E9D400BF70A9A195093E995C /* Pods-QualusApp.debug.xcconfig */;
			buildSettings = {
				ASSETCATALOG_COMPILER_APPICON_NAME = AppIcon;
				CODE_SIGN_ENTITLEMENTS = QualusApp/QualusApp.entitlements;
				CODE_SIGN_IDENTITY = "iPhone Developer";
				CODE_SIGN_STYLE = Manual;
				DEVELOPMENT_TEAM = 879PB75HQ7;
				INFOPLIST_FILE = QualusApp/Info.plist;
				IPHONEOS_DEPLOYMENT_TARGET = 11.3;
				LD_RUNPATH_SEARCH_PATHS = "$(inherited) @executable_path/Frameworks";
				PRODUCT_BUNDLE_IDENTIFIER = com.ksoftpl.qualus;
				PRODUCT_NAME = "$(TARGET_NAME)";
				PROVISIONING_PROFILE = "";
				PROVISIONING_PROFILE_SPECIFIER = QualusDevlomentCertificate;
				SWIFT_OBJC_BRIDGING_HEADER = Bridge_Header.h;
				SWIFT_OBJC_INTERFACE_HEADER_NAME = "";
				SWIFT_VERSION = 4.0;
				TARGETED_DEVICE_FAMILY = 1;
			};
			name = Debug;
		};
		CE0F660A20AD452E00B8F026 /* Release */ = {
			isa = XCBuildConfiguration;
			baseConfigurationReference = D4AEDB35C0E4C33A217FE8FD /* Pods-QualusApp.release.xcconfig */;
			buildSettings = {
				ASSETCATALOG_COMPILER_APPICON_NAME = AppIcon;
				CODE_SIGN_ENTITLEMENTS = QualusApp/QualusApp.entitlements;
				CODE_SIGN_IDENTITY = "iPhone Developer";
				CODE_SIGN_STYLE = Manual;
				DEVELOPMENT_TEAM = 879PB75HQ7;
				INFOPLIST_FILE = QualusApp/Info.plist;
				IPHONEOS_DEPLOYMENT_TARGET = 11.3;
				LD_RUNPATH_SEARCH_PATHS = "$(inherited) @executable_path/Frameworks";
				PRODUCT_BUNDLE_IDENTIFIER = com.ksoftpl.qualus;
				PRODUCT_NAME = "$(TARGET_NAME)";
				PROVISIONING_PROFILE = "";
				PROVISIONING_PROFILE_SPECIFIER = QualusDevlomentCertificate;
				SWIFT_OBJC_BRIDGING_HEADER = Bridge_Header.h;
				SWIFT_OBJC_INTERFACE_HEADER_NAME = "";
				SWIFT_VERSION = 4.0;
				TARGETED_DEVICE_FAMILY = 1;
			};
			name = Release;
		};
/* End XCBuildConfiguration section */

/* Begin XCConfigurationList section */
		CE0F65EE20AD452E00B8F026 /* Build configuration list for PBXProject "QualusApp" */ = {
			isa = XCConfigurationList;
			buildConfigurations = (
				CE0F660620AD452E00B8F026 /* Debug */,
				CE0F660720AD452E00B8F026 /* Release */,
			);
			defaultConfigurationIsVisible = 0;
			defaultConfigurationName = Release;
		};
		CE0F660820AD452E00B8F026 /* Build configuration list for PBXNativeTarget "QualusApp" */ = {
			isa = XCConfigurationList;
			buildConfigurations = (
				CE0F660920AD452E00B8F026 /* Debug */,
				CE0F660A20AD452E00B8F026 /* Release */,
			);
			defaultConfigurationIsVisible = 0;
			defaultConfigurationName = Release;
		};
/* End XCConfigurationList section */

/* Begin XCVersionGroup section */
		CE0F65FD20AD452E00B8F026 /* QualusApp.xcdatamodeld */ = {
			isa = XCVersionGroup;
			children = (
				CE0F65FE20AD452E00B8F026 /* QualusApp.xcdatamodel */,
			);
			currentVersion = CE0F65FE20AD452E00B8F026 /* QualusApp.xcdatamodel */;
			path = QualusApp.xcdatamodeld;
			sourceTree = "<group>";
			versionGroupType = wrapper.xcdatamodel;
		};
/* End XCVersionGroup section */
	};
	rootObject = CE0F65EB20AD452E00B8F026 /* Project object */;
}
